
Microsoft Visual Studio Solution File, Format Version 12.00
# Visual Studio 15
VisualStudioVersion = 15.0.26124.0
MinimumVisualStudioVersion = 15.0.26124.0
Project("{9A19103F-16F7-4668-BE54-9A1E7A4F7556}") = "NsScriptAnalyzer", "src\Dev\NsScriptAnalyzer\NsScriptAnalyzer.csproj", "{A351E970-39F1-4533-9B95-350F85B14172}"
EndProject
Project("{9A19103F-16F7-4668-BE54-9A1E7A4F7556}") = "NitroSharp.NsScript", "src\NitroSharp.NsScript\NitroSharp.NsScript.csproj", "{22B6C32A-8DD5-4F43-9FA7-983AD61B931D}"
EndProject
Project("{9A19103F-16F7-4668-BE54-9A1E7A4F7556}") = "NitroSharp.NsScript.Tests", "src\NitroSharp.NsScript.Tests\NitroSharp.NsScript.Tests.csproj", "{9B9C2281-BB61-43EA-8266-B65EDF3DC73A}"
EndProject
Project("{9A19103F-16F7-4668-BE54-9A1E7A4F7556}") = "NitroSharp", "src\NitroSharp\NitroSharp.csproj", "{572E5AD8-0171-4339-8A0E-4F69BFCD7358}"
EndProject
Project("{2150E333-8FDC-42A3-9474-1A3956D46DE8}") = "Veldrid", "Veldrid", "{0EE4253D-577C-473B-988B-8B19E6AB288E}"
EndProject
Project("{9A19103F-16F7-4668-BE54-9A1E7A4F7556}") = "Veldrid", "..\SomeAnonDev\veldrid\src\Veldrid\Veldrid.csproj", "{23AABDCF-66A9-48AF-930B-FE38AF05E90E}"
EndProject
Project("{9A19103F-16F7-4668-BE54-9A1E7A4F7556}") = "Veldrid.OpenGLBindings", "..\SomeAnonDev\veldrid\src\Veldrid.OpenGLBindings\Veldrid.OpenGLBindings.csproj", "{EF94F032-4562-46E0-8906-5E79E6D3AA45}"
EndProject
Project("{9A19103F-16F7-4668-BE54-9A1E7A4F7556}") = "Veldrid.MetalBindings", "..\SomeAnonDev\veldrid\src\Veldrid.MetalBindings\Veldrid.MetalBindings.csproj", "{78977D3C-9321-4841-8822-B86D9EB05012}"
EndProject
Project("{9A19103F-16F7-4668-BE54-9A1E7A4F7556}") = "Veldrid.SDL2", "..\SomeAnonDev\veldrid\src\Veldrid.SDL2\Veldrid.SDL2.csproj", "{32F4E6A3-B846-47BD-BA91-0E8B7B3E89A9}"
EndProject
Project("{9A19103F-16F7-4668-BE54-9A1E7A4F7556}") = "Veldrid.StartupUtilities", "..\SomeAnonDev\veldrid\src\Veldrid.StartupUtilities\Veldrid.StartupUtilities.csproj", "{0981C86B-CDA7-4D15-B812-C3C5CF4C904A}"
EndProject
Project("{9A19103F-16F7-4668-BE54-9A1E7A4F7556}") = "MediaPlayer", "src\Dev\MediaPlayer\MediaPlayer.csproj", "{DB2480A4-0C36-402A-8D1C-32A3A4AF8F96}"
EndProject
Project("{9A19103F-16F7-4668-BE54-9A1E7A4F7556}") = "FreeTypeBindings", "src\FreeTypeBindings\FreeTypeBindings.csproj", "{41CBB9CA-CD55-4D80-9BF9-1307147D1A66}"
EndProject
Project("{2150E333-8FDC-42A3-9474-1A3956D46DE8}") = "Libraries", "Libraries", "{347B119B-0688-47CE-B546-FAEE10308E3C}"
EndProject
Project("{FAE04EC0-301F-11D3-BF4B-00C04F79EFBC}") = "MediaPlayer.Android", "src\Dev\MediaPlayer.Android\MediaPlayer.Android.csproj", "{0B8DCFCA-28D4-4244-9C35-D3A23055615F}"
EndProject
Global
	GlobalSection(SolutionConfigurationPlatforms) = preSolution
		Debug|Any CPU = Debug|Any CPU
		Debug|x64 = Debug|x64
		Debug|x86 = Debug|x86
		Release|Any CPU = Release|Any CPU
		Release|x64 = Release|x64
		Release|x86 = Release|x86
	EndGlobalSection
	GlobalSection(ProjectConfigurationPlatforms) = postSolution
		{A351E970-39F1-4533-9B95-350F85B14172}.Debug|Any CPU.ActiveCfg = Debug|Any CPU
		{A351E970-39F1-4533-9B95-350F85B14172}.Debug|Any CPU.Build.0 = Debug|Any CPU
		{A351E970-39F1-4533-9B95-350F85B14172}.Debug|x64.ActiveCfg = Debug|Any CPU
		{A351E970-39F1-4533-9B95-350F85B14172}.Debug|x64.Build.0 = Debug|Any CPU
		{A351E970-39F1-4533-9B95-350F85B14172}.Debug|x86.ActiveCfg = Debug|Any CPU
		{A351E970-39F1-4533-9B95-350F85B14172}.Debug|x86.Build.0 = Debug|Any CPU
		{A351E970-39F1-4533-9B95-350F85B14172}.Release|Any CPU.ActiveCfg = Release|Any CPU
		{A351E970-39F1-4533-9B95-350F85B14172}.Release|Any CPU.Build.0 = Release|Any CPU
		{A351E970-39F1-4533-9B95-350F85B14172}.Release|x64.ActiveCfg = Release|Any CPU
		{A351E970-39F1-4533-9B95-350F85B14172}.Release|x64.Build.0 = Release|Any CPU
		{A351E970-39F1-4533-9B95-350F85B14172}.Release|x86.ActiveCfg = Release|Any CPU
		{A351E970-39F1-4533-9B95-350F85B14172}.Release|x86.Build.0 = Release|Any CPU
		{22B6C32A-8DD5-4F43-9FA7-983AD61B931D}.Debug|Any CPU.ActiveCfg = Debug|Any CPU
		{22B6C32A-8DD5-4F43-9FA7-983AD61B931D}.Debug|Any CPU.Build.0 = Debug|Any CPU
		{22B6C32A-8DD5-4F43-9FA7-983AD61B931D}.Debug|x64.ActiveCfg = Debug|Any CPU
		{22B6C32A-8DD5-4F43-9FA7-983AD61B931D}.Debug|x64.Build.0 = Debug|Any CPU
		{22B6C32A-8DD5-4F43-9FA7-983AD61B931D}.Debug|x86.ActiveCfg = Debug|Any CPU
		{22B6C32A-8DD5-4F43-9FA7-983AD61B931D}.Debug|x86.Build.0 = Debug|Any CPU
		{22B6C32A-8DD5-4F43-9FA7-983AD61B931D}.Release|Any CPU.ActiveCfg = Release|Any CPU
		{22B6C32A-8DD5-4F43-9FA7-983AD61B931D}.Release|Any CPU.Build.0 = Release|Any CPU
		{22B6C32A-8DD5-4F43-9FA7-983AD61B931D}.Release|x64.ActiveCfg = Release|Any CPU
		{22B6C32A-8DD5-4F43-9FA7-983AD61B931D}.Release|x64.Build.0 = Release|Any CPU
		{22B6C32A-8DD5-4F43-9FA7-983AD61B931D}.Release|x86.ActiveCfg = Release|Any CPU
		{22B6C32A-8DD5-4F43-9FA7-983AD61B931D}.Release|x86.Build.0 = Release|Any CPU
		{9B9C2281-BB61-43EA-8266-B65EDF3DC73A}.Debug|Any CPU.ActiveCfg = Debug|Any CPU
		{9B9C2281-BB61-43EA-8266-B65EDF3DC73A}.Debug|Any CPU.Build.0 = Debug|Any CPU
		{9B9C2281-BB61-43EA-8266-B65EDF3DC73A}.Debug|x64.ActiveCfg = Debug|Any CPU
		{9B9C2281-BB61-43EA-8266-B65EDF3DC73A}.Debug|x64.Build.0 = Debug|Any CPU
		{9B9C2281-BB61-43EA-8266-B65EDF3DC73A}.Debug|x86.ActiveCfg = Debug|Any CPU
		{9B9C2281-BB61-43EA-8266-B65EDF3DC73A}.Debug|x86.Build.0 = Debug|Any CPU
		{9B9C2281-BB61-43EA-8266-B65EDF3DC73A}.Release|Any CPU.ActiveCfg = Release|Any CPU
		{9B9C2281-BB61-43EA-8266-B65EDF3DC73A}.Release|Any CPU.Build.0 = Release|Any CPU
		{9B9C2281-BB61-43EA-8266-B65EDF3DC73A}.Release|x64.ActiveCfg = Release|Any CPU
		{9B9C2281-BB61-43EA-8266-B65EDF3DC73A}.Release|x64.Build.0 = Release|Any CPU
		{9B9C2281-BB61-43EA-8266-B65EDF3DC73A}.Release|x86.ActiveCfg = Release|Any CPU
		{9B9C2281-BB61-43EA-8266-B65EDF3DC73A}.Release|x86.Build.0 = Release|Any CPU
		{572E5AD8-0171-4339-8A0E-4F69BFCD7358}.Debug|Any CPU.ActiveCfg = Debug|Any CPU
		{572E5AD8-0171-4339-8A0E-4F69BFCD7358}.Debug|Any CPU.Build.0 = Debug|Any CPU
		{572E5AD8-0171-4339-8A0E-4F69BFCD7358}.Debug|x64.ActiveCfg = Debug|Any CPU
		{572E5AD8-0171-4339-8A0E-4F69BFCD7358}.Debug|x64.Build.0 = Debug|Any CPU
		{572E5AD8-0171-4339-8A0E-4F69BFCD7358}.Debug|x86.ActiveCfg = Debug|Any CPU
		{572E5AD8-0171-4339-8A0E-4F69BFCD7358}.Debug|x86.Build.0 = Debug|Any CPU
		{572E5AD8-0171-4339-8A0E-4F69BFCD7358}.Release|Any CPU.ActiveCfg = Release|Any CPU
		{572E5AD8-0171-4339-8A0E-4F69BFCD7358}.Release|Any CPU.Build.0 = Release|Any CPU
		{572E5AD8-0171-4339-8A0E-4F69BFCD7358}.Release|x64.ActiveCfg = Release|Any CPU
		{572E5AD8-0171-4339-8A0E-4F69BFCD7358}.Release|x64.Build.0 = Release|Any CPU
		{572E5AD8-0171-4339-8A0E-4F69BFCD7358}.Release|x86.ActiveCfg = Release|Any CPU
		{572E5AD8-0171-4339-8A0E-4F69BFCD7358}.Release|x86.Build.0 = Release|Any CPU
		{23AABDCF-66A9-48AF-930B-FE38AF05E90E}.Debug|Any CPU.ActiveCfg = Debug|Any CPU
		{23AABDCF-66A9-48AF-930B-FE38AF05E90E}.Debug|Any CPU.Build.0 = Debug|Any CPU
		{23AABDCF-66A9-48AF-930B-FE38AF05E90E}.Debug|x64.ActiveCfg = Debug|Any CPU
		{23AABDCF-66A9-48AF-930B-FE38AF05E90E}.Debug|x64.Build.0 = Debug|Any CPU
		{23AABDCF-66A9-48AF-930B-FE38AF05E90E}.Debug|x86.ActiveCfg = Debug|Any CPU
		{23AABDCF-66A9-48AF-930B-FE38AF05E90E}.Debug|x86.Build.0 = Debug|Any CPU
		{23AABDCF-66A9-48AF-930B-FE38AF05E90E}.Release|Any CPU.ActiveCfg = Release|Any CPU
		{23AABDCF-66A9-48AF-930B-FE38AF05E90E}.Release|Any CPU.Build.0 = Release|Any CPU
		{23AABDCF-66A9-48AF-930B-FE38AF05E90E}.Release|x64.ActiveCfg = Release|Any CPU
		{23AABDCF-66A9-48AF-930B-FE38AF05E90E}.Release|x64.Build.0 = Release|Any CPU
		{23AABDCF-66A9-48AF-930B-FE38AF05E90E}.Release|x86.ActiveCfg = Release|Any CPU
		{23AABDCF-66A9-48AF-930B-FE38AF05E90E}.Release|x86.Build.0 = Release|Any CPU
		{EF94F032-4562-46E0-8906-5E79E6D3AA45}.Debug|Any CPU.ActiveCfg = Debug|Any CPU
		{EF94F032-4562-46E0-8906-5E79E6D3AA45}.Debug|Any CPU.Build.0 = Debug|Any CPU
		{EF94F032-4562-46E0-8906-5E79E6D3AA45}.Debug|x64.ActiveCfg = Debug|Any CPU
		{EF94F032-4562-46E0-8906-5E79E6D3AA45}.Debug|x64.Build.0 = Debug|Any CPU
		{EF94F032-4562-46E0-8906-5E79E6D3AA45}.Debug|x86.ActiveCfg = Debug|Any CPU
		{EF94F032-4562-46E0-8906-5E79E6D3AA45}.Debug|x86.Build.0 = Debug|Any CPU
		{EF94F032-4562-46E0-8906-5E79E6D3AA45}.Release|Any CPU.ActiveCfg = Release|Any CPU
		{EF94F032-4562-46E0-8906-5E79E6D3AA45}.Release|Any CPU.Build.0 = Release|Any CPU
		{EF94F032-4562-46E0-8906-5E79E6D3AA45}.Release|x64.ActiveCfg = Release|Any CPU
		{EF94F032-4562-46E0-8906-5E79E6D3AA45}.Release|x64.Build.0 = Release|Any CPU
		{EF94F032-4562-46E0-8906-5E79E6D3AA45}.Release|x86.ActiveCfg = Release|Any CPU
		{EF94F032-4562-46E0-8906-5E79E6D3AA45}.Release|x86.Build.0 = Release|Any CPU
		{78977D3C-9321-4841-8822-B86D9EB05012}.Debug|Any CPU.ActiveCfg = Debug|Any CPU
		{78977D3C-9321-4841-8822-B86D9EB05012}.Debug|Any CPU.Build.0 = Debug|Any CPU
		{78977D3C-9321-4841-8822-B86D9EB05012}.Debug|x64.ActiveCfg = Debug|Any CPU
		{78977D3C-9321-4841-8822-B86D9EB05012}.Debug|x64.Build.0 = Debug|Any CPU
		{78977D3C-9321-4841-8822-B86D9EB05012}.Debug|x86.ActiveCfg = Debug|Any CPU
		{78977D3C-9321-4841-8822-B86D9EB05012}.Debug|x86.Build.0 = Debug|Any CPU
		{78977D3C-9321-4841-8822-B86D9EB05012}.Release|Any CPU.ActiveCfg = Release|Any CPU
		{78977D3C-9321-4841-8822-B86D9EB05012}.Release|Any CPU.Build.0 = Release|Any CPU
		{78977D3C-9321-4841-8822-B86D9EB05012}.Release|x64.ActiveCfg = Release|Any CPU
		{78977D3C-9321-4841-8822-B86D9EB05012}.Release|x64.Build.0 = Release|Any CPU
		{78977D3C-9321-4841-8822-B86D9EB05012}.Release|x86.ActiveCfg = Release|Any CPU
		{78977D3C-9321-4841-8822-B86D9EB05012}.Release|x86.Build.0 = Release|Any CPU
		{32F4E6A3-B846-47BD-BA91-0E8B7B3E89A9}.Debug|Any CPU.ActiveCfg = Debug|Any CPU
		{32F4E6A3-B846-47BD-BA91-0E8B7B3E89A9}.Debug|Any CPU.Build.0 = Debug|Any CPU
		{32F4E6A3-B846-47BD-BA91-0E8B7B3E89A9}.Debug|x64.ActiveCfg = Debug|Any CPU
		{32F4E6A3-B846-47BD-BA91-0E8B7B3E89A9}.Debug|x64.Build.0 = Debug|Any CPU
		{32F4E6A3-B846-47BD-BA91-0E8B7B3E89A9}.Debug|x86.ActiveCfg = Debug|Any CPU
		{32F4E6A3-B846-47BD-BA91-0E8B7B3E89A9}.Debug|x86.Build.0 = Debug|Any CPU
		{32F4E6A3-B846-47BD-BA91-0E8B7B3E89A9}.Release|Any CPU.ActiveCfg = Release|Any CPU
		{32F4E6A3-B846-47BD-BA91-0E8B7B3E89A9}.Release|Any CPU.Build.0 = Release|Any CPU
		{32F4E6A3-B846-47BD-BA91-0E8B7B3E89A9}.Release|x64.ActiveCfg = Release|Any CPU
		{32F4E6A3-B846-47BD-BA91-0E8B7B3E89A9}.Release|x64.Build.0 = Release|Any CPU
		{32F4E6A3-B846-47BD-BA91-0E8B7B3E89A9}.Release|x86.ActiveCfg = Release|Any CPU
		{32F4E6A3-B846-47BD-BA91-0E8B7B3E89A9}.Release|x86.Build.0 = Release|Any CPU
		{0981C86B-CDA7-4D15-B812-C3C5CF4C904A}.Debug|Any CPU.ActiveCfg = Debug|Any CPU
		{0981C86B-CDA7-4D15-B812-C3C5CF4C904A}.Debug|Any CPU.Build.0 = Debug|Any CPU
		{0981C86B-CDA7-4D15-B812-C3C5CF4C904A}.Debug|x64.ActiveCfg = Debug|Any CPU
		{0981C86B-CDA7-4D15-B812-C3C5CF4C904A}.Debug|x64.Build.0 = Debug|Any CPU
		{0981C86B-CDA7-4D15-B812-C3C5CF4C904A}.Debug|x86.ActiveCfg = Debug|Any CPU
		{0981C86B-CDA7-4D15-B812-C3C5CF4C904A}.Debug|x86.Build.0 = Debug|Any CPU
		{0981C86B-CDA7-4D15-B812-C3C5CF4C904A}.Release|Any CPU.ActiveCfg = Release|Any CPU
		{0981C86B-CDA7-4D15-B812-C3C5CF4C904A}.Release|Any CPU.Build.0 = Release|Any CPU
		{0981C86B-CDA7-4D15-B812-C3C5CF4C904A}.Release|x64.ActiveCfg = Release|Any CPU
		{0981C86B-CDA7-4D15-B812-C3C5CF4C904A}.Release|x64.Build.0 = Release|Any CPU
		{0981C86B-CDA7-4D15-B812-C3C5CF4C904A}.Release|x86.ActiveCfg = Release|Any CPU
		{0981C86B-CDA7-4D15-B812-C3C5CF4C904A}.Release|x86.Build.0 = Release|Any CPU
		{DB2480A4-0C36-402A-8D1C-32A3A4AF8F96}.Debug|Any CPU.ActiveCfg = Debug|Any CPU
		{DB2480A4-0C36-402A-8D1C-32A3A4AF8F96}.Debug|Any CPU.Build.0 = Debug|Any CPU
		{DB2480A4-0C36-402A-8D1C-32A3A4AF8F96}.Debug|x64.ActiveCfg = Debug|Any CPU
		{DB2480A4-0C36-402A-8D1C-32A3A4AF8F96}.Debug|x64.Build.0 = Debug|Any CPU
		{DB2480A4-0C36-402A-8D1C-32A3A4AF8F96}.Debug|x86.ActiveCfg = Debug|Any CPU
		{DB2480A4-0C36-402A-8D1C-32A3A4AF8F96}.Debug|x86.Build.0 = Debug|Any CPU
		{DB2480A4-0C36-402A-8D1C-32A3A4AF8F96}.Release|Any CPU.ActiveCfg = Release|Any CPU
		{DB2480A4-0C36-402A-8D1C-32A3A4AF8F96}.Release|Any CPU.Build.0 = Release|Any CPU
		{DB2480A4-0C36-402A-8D1C-32A3A4AF8F96}.Release|x64.ActiveCfg = Release|Any CPU
		{DB2480A4-0C36-402A-8D1C-32A3A4AF8F96}.Release|x64.Build.0 = Release|Any CPU
		{DB2480A4-0C36-402A-8D1C-32A3A4AF8F96}.Release|x86.ActiveCfg = Release|Any CPU
		{DB2480A4-0C36-402A-8D1C-32A3A4AF8F96}.Release|x86.Build.0 = Release|Any CPU
		{41CBB9CA-CD55-4D80-9BF9-1307147D1A66}.Debug|Any CPU.ActiveCfg = Debug|Any CPU
		{41CBB9CA-CD55-4D80-9BF9-1307147D1A66}.Debug|Any CPU.Build.0 = Debug|Any CPU
		{41CBB9CA-CD55-4D80-9BF9-1307147D1A66}.Debug|x64.ActiveCfg = Debug|Any CPU
		{41CBB9CA-CD55-4D80-9BF9-1307147D1A66}.Debug|x64.Build.0 = Debug|Any CPU
		{41CBB9CA-CD55-4D80-9BF9-1307147D1A66}.Debug|x86.ActiveCfg = Debug|Any CPU
		{41CBB9CA-CD55-4D80-9BF9-1307147D1A66}.Debug|x86.Build.0 = Debug|Any CPU
		{41CBB9CA-CD55-4D80-9BF9-1307147D1A66}.Release|Any CPU.ActiveCfg = Release|Any CPU
		{41CBB9CA-CD55-4D80-9BF9-1307147D1A66}.Release|Any CPU.Build.0 = Release|Any CPU
		{41CBB9CA-CD55-4D80-9BF9-1307147D1A66}.Release|x64.ActiveCfg = Release|Any CPU
		{41CBB9CA-CD55-4D80-9BF9-1307147D1A66}.Release|x64.Build.0 = Release|Any CPU
		{41CBB9CA-CD55-4D80-9BF9-1307147D1A66}.Release|x86.ActiveCfg = Release|Any CPU
		{41CBB9CA-CD55-4D80-9BF9-1307147D1A66}.Release|x86.Build.0 = Release|Any CPU
		{0B8DCFCA-28D4-4244-9C35-D3A23055615F}.Debug|Any CPU.ActiveCfg = Debug|Any CPU
		{0B8DCFCA-28D4-4244-9C35-D3A23055615F}.Debug|Any CPU.Build.0 = Debug|Any CPU
		{0B8DCFCA-28D4-4244-9C35-D3A23055615F}.Debug|Any CPU.Deploy.0 = Debug|Any CPU
		{0B8DCFCA-28D4-4244-9C35-D3A23055615F}.Debug|x64.ActiveCfg = Debug|Any CPU
		{0B8DCFCA-28D4-4244-9C35-D3A23055615F}.Debug|x64.Build.0 = Debug|Any CPU
		{0B8DCFCA-28D4-4244-9C35-D3A23055615F}.Debug|x64.Deploy.0 = Debug|Any CPU
		{0B8DCFCA-28D4-4244-9C35-D3A23055615F}.Debug|x86.ActiveCfg = Debug|Any CPU
		{0B8DCFCA-28D4-4244-9C35-D3A23055615F}.Debug|x86.Build.0 = Debug|Any CPU
		{0B8DCFCA-28D4-4244-9C35-D3A23055615F}.Debug|x86.Deploy.0 = Debug|Any CPU
		{0B8DCFCA-28D4-4244-9C35-D3A23055615F}.Release|Any CPU.ActiveCfg = Release|Any CPU
		{0B8DCFCA-28D4-4244-9C35-D3A23055615F}.Release|Any CPU.Build.0 = Release|Any CPU
		{0B8DCFCA-28D4-4244-9C35-D3A23055615F}.Release|Any CPU.Deploy.0 = Release|Any CPU
		{0B8DCFCA-28D4-4244-9C35-D3A23055615F}.Release|x64.ActiveCfg = Release|Any CPU
		{0B8DCFCA-28D4-4244-9C35-D3A23055615F}.Release|x64.Build.0 = Release|Any CPU
		{0B8DCFCA-28D4-4244-9C35-D3A23055615F}.Release|x64.Deploy.0 = Release|Any CPU
		{0B8DCFCA-28D4-4244-9C35-D3A23055615F}.Release|x86.ActiveCfg = Release|Any CPU
		{0B8DCFCA-28D4-4244-9C35-D3A23055615F}.Release|x86.Build.0 = Release|Any CPU
		{0B8DCFCA-28D4-4244-9C35-D3A23055615F}.Release|x86.Deploy.0 = Release|Any CPU
	EndGlobalSection
	GlobalSection(SolutionProperties) = preSolution
		HideSolutionNode = FALSE
	EndGlobalSection
	GlobalSection(NestedProjects) = preSolution
		{22B6C32A-8DD5-4F43-9FA7-983AD61B931D} = {347B119B-0688-47CE-B546-FAEE10308E3C}
		{9B9C2281-BB61-43EA-8266-B65EDF3DC73A} = {347B119B-0688-47CE-B546-FAEE10308E3C}
		{0EE4253D-577C-473B-988B-8B19E6AB288E} = {347B119B-0688-47CE-B546-FAEE10308E3C}
		{23AABDCF-66A9-48AF-930B-FE38AF05E90E} = {0EE4253D-577C-473B-988B-8B19E6AB288E}
		{EF94F032-4562-46E0-8906-5E79E6D3AA45} = {0EE4253D-577C-473B-988B-8B19E6AB288E}
		{78977D3C-9321-4841-8822-B86D9EB05012} = {0EE4253D-577C-473B-988B-8B19E6AB288E}
		{32F4E6A3-B846-47BD-BA91-0E8B7B3E89A9} = {0EE4253D-577C-473B-988B-8B19E6AB288E}
		{0981C86B-CDA7-4D15-B812-C3C5CF4C904A} = {0EE4253D-577C-473B-988B-8B19E6AB288E}
		{41CBB9CA-CD55-4D80-9BF9-1307147D1A66} = {347B119B-0688-47CE-B546-FAEE10308E3C}
	EndGlobalSection
	GlobalSection(ExtensibilityGlobals) = postSolution
		SolutionGuid = {907F7215-C7EC-4651-BC2B-6C663CBB3C5C}
	EndGlobalSection
EndGlobal
