
Microsoft Visual Studio Solution File, Format Version 12.00
# Visual Studio Version 16
VisualStudioVersion = 16.0.28315.86
MinimumVisualStudioVersion = 10.0.40219.1
Project("{9A19103F-16F7-4668-BE54-9A1E7A4F7556}") = "NitroSharp.Launcher", "src\NitroSharp.Launcher\NitroSharp.Launcher.csproj", "{9EED6466-9179-42AA-A230-ACD09A5D341C}"
EndProject
Project("{2150E333-8FDC-42A3-9474-1A3956D46DE8}") = "Games", "Games", "{4918A699-E244-41C4-9EA7-3CFD86856588}"
EndProject
Project("{9A19103F-16F7-4668-BE54-9A1E7A4F7556}") = "CowsHead", "src\Games\CowsHead\CowsHead.csproj", "{6B130BE7-4275-40F4-AC95-D065A3F78F27}"
EndProject
Project("{9A19103F-16F7-4668-BE54-9A1E7A4F7556}") = "NitroSharp", "src\NitroSharp\NitroSharp.csproj", "{E215F732-E65F-4F98-B1FA-E346B582809E}"
EndProject
Project("{9A19103F-16F7-4668-BE54-9A1E7A4F7556}") = "FreeTypeBindings", "src\FreeTypeBindings\FreeTypeBindings.csproj", "{01C1B1D4-3E7B-41FD-9A15-AA44F95D1AF4}"
EndProject
Project("{9A19103F-16F7-4668-BE54-9A1E7A4F7556}") = "NitroSharp.ShaderCompiler", "src\NitroSharp.ShaderCompiler\NitroSharp.ShaderCompiler.csproj", "{046954EC-04C3-4FB6-BFF5-B9E86C81ACD8}"
EndProject
Project("{2150E333-8FDC-42A3-9474-1A3956D46DE8}") = "Solution Items", "Solution Items", "{038539A7-2A54-4373-AF19-7C255D8DC349}"
	ProjectSection(SolutionItems) = preProject
		.editorconfig = .editorconfig
	EndProjectSection
EndProject
Project("{9A19103F-16F7-4668-BE54-9A1E7A4F7556}") = "NitroSharp.NsScriptCompiler", "src\NitroSharp.NsScriptCompiler\NitroSharp.NsScriptCompiler.csproj", "{DBFC2FD9-F429-4F4D-87D1-5C0E36D9C08E}"
EndProject
Project("{9A19103F-16F7-4668-BE54-9A1E7A4F7556}") = "NitroSharp.NsScriptCompiler.Tests", "src\NitroSharp.NsScriptCompiler.Tests\NitroSharp.NsScriptCompiler.Tests.csproj", "{A001DA10-D9D6-4399-BC1F-8E3B6B1C7F80}"
EndProject
Project("{2150E333-8FDC-42A3-9474-1A3956D46DE8}") = "Common", "Common", "{91389274-9E21-4388-A45F-D138E55540F3}"
	ProjectSection(SolutionItems) = preProject
		src\Common\ArrayBuilder.cs = src\Common\ArrayBuilder.cs
		src\Common\HashHelper.cs = src\Common\HashHelper.cs
		src\Common\ThrowHelper.cs = src\Common\ThrowHelper.cs
	EndProjectSection
EndProject
Project("{9A19103F-16F7-4668-BE54-9A1E7A4F7556}") = "NitroSharp.FreeTypePlayground", "src\NitroSharp.FreeTypePlayground\NitroSharp.FreeTypePlayground.csproj", "{A4560E1E-3B2A-4ABE-8427-1F86FDF3ABD6}"
EndProject
Project("{2150E333-8FDC-42A3-9474-1A3956D46DE8}") = "Bindings", "Bindings", "{2FD9A368-524B-4330-962B-4519BAA8DD55}"
EndProject
Project("{9A19103F-16F7-4668-BE54-9A1E7A4F7556}") = "FFmpeg.AutoGen", "third_party\FFmpeg.AutoGen\FFmpeg.AutoGen.csproj", "{C1F8C98B-C18F-4EA4-897E-83615E9A7556}"
EndProject
Project("{9A19103F-16F7-4668-BE54-9A1E7A4F7556}") = "OpenAL-CS", "third_party\OpenAL-CS\OpenAL-CS.csproj", "{0602811E-0672-45D9-A59D-0E6FC63777FA}"
EndProject
Global
	GlobalSection(SolutionConfigurationPlatforms) = preSolution
		Debug|Any CPU = Debug|Any CPU
		Debug|ARM = Debug|ARM
		Debug|x64 = Debug|x64
		Debug|x86 = Debug|x86
		Release|Any CPU = Release|Any CPU
		Release|ARM = Release|ARM
		Release|x64 = Release|x64
		Release|x86 = Release|x86
	EndGlobalSection
	GlobalSection(ProjectConfigurationPlatforms) = postSolution
		{9EED6466-9179-42AA-A230-ACD09A5D341C}.Debug|Any CPU.ActiveCfg = Debug|Any CPU
		{9EED6466-9179-42AA-A230-ACD09A5D341C}.Debug|Any CPU.Build.0 = Debug|Any CPU
		{9EED6466-9179-42AA-A230-ACD09A5D341C}.Debug|ARM.ActiveCfg = Debug|Any CPU
		{9EED6466-9179-42AA-A230-ACD09A5D341C}.Debug|ARM.Build.0 = Debug|Any CPU
		{9EED6466-9179-42AA-A230-ACD09A5D341C}.Debug|x64.ActiveCfg = Debug|Any CPU
		{9EED6466-9179-42AA-A230-ACD09A5D341C}.Debug|x64.Build.0 = Debug|Any CPU
		{9EED6466-9179-42AA-A230-ACD09A5D341C}.Debug|x86.ActiveCfg = Debug|Any CPU
		{9EED6466-9179-42AA-A230-ACD09A5D341C}.Debug|x86.Build.0 = Debug|Any CPU
		{9EED6466-9179-42AA-A230-ACD09A5D341C}.Release|Any CPU.ActiveCfg = Release|Any CPU
		{9EED6466-9179-42AA-A230-ACD09A5D341C}.Release|Any CPU.Build.0 = Release|Any CPU
		{9EED6466-9179-42AA-A230-ACD09A5D341C}.Release|ARM.ActiveCfg = Release|Any CPU
		{9EED6466-9179-42AA-A230-ACD09A5D341C}.Release|ARM.Build.0 = Release|Any CPU
		{9EED6466-9179-42AA-A230-ACD09A5D341C}.Release|x64.ActiveCfg = Release|Any CPU
		{9EED6466-9179-42AA-A230-ACD09A5D341C}.Release|x64.Build.0 = Release|Any CPU
		{9EED6466-9179-42AA-A230-ACD09A5D341C}.Release|x86.ActiveCfg = Release|Any CPU
		{9EED6466-9179-42AA-A230-ACD09A5D341C}.Release|x86.Build.0 = Release|Any CPU
		{6B130BE7-4275-40F4-AC95-D065A3F78F27}.Debug|Any CPU.ActiveCfg = Debug|Any CPU
		{6B130BE7-4275-40F4-AC95-D065A3F78F27}.Debug|Any CPU.Build.0 = Debug|Any CPU
		{6B130BE7-4275-40F4-AC95-D065A3F78F27}.Debug|ARM.ActiveCfg = Debug|Any CPU
		{6B130BE7-4275-40F4-AC95-D065A3F78F27}.Debug|ARM.Build.0 = Debug|Any CPU
		{6B130BE7-4275-40F4-AC95-D065A3F78F27}.Debug|x64.ActiveCfg = Debug|Any CPU
		{6B130BE7-4275-40F4-AC95-D065A3F78F27}.Debug|x64.Build.0 = Debug|Any CPU
		{6B130BE7-4275-40F4-AC95-D065A3F78F27}.Debug|x86.ActiveCfg = Debug|Any CPU
		{6B130BE7-4275-40F4-AC95-D065A3F78F27}.Debug|x86.Build.0 = Debug|Any CPU
		{6B130BE7-4275-40F4-AC95-D065A3F78F27}.Release|Any CPU.ActiveCfg = Release|Any CPU
		{6B130BE7-4275-40F4-AC95-D065A3F78F27}.Release|Any CPU.Build.0 = Release|Any CPU
		{6B130BE7-4275-40F4-AC95-D065A3F78F27}.Release|ARM.ActiveCfg = Release|Any CPU
		{6B130BE7-4275-40F4-AC95-D065A3F78F27}.Release|ARM.Build.0 = Release|Any CPU
		{6B130BE7-4275-40F4-AC95-D065A3F78F27}.Release|x64.ActiveCfg = Release|Any CPU
		{6B130BE7-4275-40F4-AC95-D065A3F78F27}.Release|x64.Build.0 = Release|Any CPU
		{6B130BE7-4275-40F4-AC95-D065A3F78F27}.Release|x86.ActiveCfg = Release|Any CPU
		{6B130BE7-4275-40F4-AC95-D065A3F78F27}.Release|x86.Build.0 = Release|Any CPU
		{E215F732-E65F-4F98-B1FA-E346B582809E}.Debug|Any CPU.ActiveCfg = Debug|Any CPU
		{E215F732-E65F-4F98-B1FA-E346B582809E}.Debug|Any CPU.Build.0 = Debug|Any CPU
		{E215F732-E65F-4F98-B1FA-E346B582809E}.Debug|ARM.ActiveCfg = Debug|Any CPU
		{E215F732-E65F-4F98-B1FA-E346B582809E}.Debug|ARM.Build.0 = Debug|Any CPU
		{E215F732-E65F-4F98-B1FA-E346B582809E}.Debug|x64.ActiveCfg = Debug|Any CPU
		{E215F732-E65F-4F98-B1FA-E346B582809E}.Debug|x64.Build.0 = Debug|Any CPU
		{E215F732-E65F-4F98-B1FA-E346B582809E}.Debug|x86.ActiveCfg = Debug|Any CPU
		{E215F732-E65F-4F98-B1FA-E346B582809E}.Debug|x86.Build.0 = Debug|Any CPU
		{E215F732-E65F-4F98-B1FA-E346B582809E}.Release|Any CPU.ActiveCfg = Release|Any CPU
		{E215F732-E65F-4F98-B1FA-E346B582809E}.Release|Any CPU.Build.0 = Release|Any CPU
		{E215F732-E65F-4F98-B1FA-E346B582809E}.Release|ARM.ActiveCfg = Release|Any CPU
		{E215F732-E65F-4F98-B1FA-E346B582809E}.Release|ARM.Build.0 = Release|Any CPU
		{E215F732-E65F-4F98-B1FA-E346B582809E}.Release|x64.ActiveCfg = Release|Any CPU
		{E215F732-E65F-4F98-B1FA-E346B582809E}.Release|x64.Build.0 = Release|Any CPU
		{E215F732-E65F-4F98-B1FA-E346B582809E}.Release|x86.ActiveCfg = Release|Any CPU
		{E215F732-E65F-4F98-B1FA-E346B582809E}.Release|x86.Build.0 = Release|Any CPU
		{01C1B1D4-3E7B-41FD-9A15-AA44F95D1AF4}.Debug|Any CPU.ActiveCfg = Debug|Any CPU
		{01C1B1D4-3E7B-41FD-9A15-AA44F95D1AF4}.Debug|Any CPU.Build.0 = Debug|Any CPU
		{01C1B1D4-3E7B-41FD-9A15-AA44F95D1AF4}.Debug|ARM.ActiveCfg = Debug|Any CPU
		{01C1B1D4-3E7B-41FD-9A15-AA44F95D1AF4}.Debug|ARM.Build.0 = Debug|Any CPU
		{01C1B1D4-3E7B-41FD-9A15-AA44F95D1AF4}.Debug|x64.ActiveCfg = Debug|Any CPU
		{01C1B1D4-3E7B-41FD-9A15-AA44F95D1AF4}.Debug|x64.Build.0 = Debug|Any CPU
		{01C1B1D4-3E7B-41FD-9A15-AA44F95D1AF4}.Debug|x86.ActiveCfg = Debug|Any CPU
		{01C1B1D4-3E7B-41FD-9A15-AA44F95D1AF4}.Debug|x86.Build.0 = Debug|Any CPU
		{01C1B1D4-3E7B-41FD-9A15-AA44F95D1AF4}.Release|Any CPU.ActiveCfg = Release|Any CPU
		{01C1B1D4-3E7B-41FD-9A15-AA44F95D1AF4}.Release|Any CPU.Build.0 = Release|Any CPU
		{01C1B1D4-3E7B-41FD-9A15-AA44F95D1AF4}.Release|ARM.ActiveCfg = Release|Any CPU
		{01C1B1D4-3E7B-41FD-9A15-AA44F95D1AF4}.Release|ARM.Build.0 = Release|Any CPU
		{01C1B1D4-3E7B-41FD-9A15-AA44F95D1AF4}.Release|x64.ActiveCfg = Release|Any CPU
		{01C1B1D4-3E7B-41FD-9A15-AA44F95D1AF4}.Release|x64.Build.0 = Release|Any CPU
		{01C1B1D4-3E7B-41FD-9A15-AA44F95D1AF4}.Release|x86.ActiveCfg = Release|Any CPU
		{01C1B1D4-3E7B-41FD-9A15-AA44F95D1AF4}.Release|x86.Build.0 = Release|Any CPU
		{046954EC-04C3-4FB6-BFF5-B9E86C81ACD8}.Debug|Any CPU.ActiveCfg = Debug|Any CPU
		{046954EC-04C3-4FB6-BFF5-B9E86C81ACD8}.Debug|Any CPU.Build.0 = Debug|Any CPU
		{046954EC-04C3-4FB6-BFF5-B9E86C81ACD8}.Debug|ARM.ActiveCfg = Debug|Any CPU
		{046954EC-04C3-4FB6-BFF5-B9E86C81ACD8}.Debug|ARM.Build.0 = Debug|Any CPU
		{046954EC-04C3-4FB6-BFF5-B9E86C81ACD8}.Debug|x64.ActiveCfg = Debug|Any CPU
		{046954EC-04C3-4FB6-BFF5-B9E86C81ACD8}.Debug|x64.Build.0 = Debug|Any CPU
		{046954EC-04C3-4FB6-BFF5-B9E86C81ACD8}.Debug|x86.ActiveCfg = Debug|Any CPU
		{046954EC-04C3-4FB6-BFF5-B9E86C81ACD8}.Debug|x86.Build.0 = Debug|Any CPU
		{046954EC-04C3-4FB6-BFF5-B9E86C81ACD8}.Release|Any CPU.ActiveCfg = Release|Any CPU
		{046954EC-04C3-4FB6-BFF5-B9E86C81ACD8}.Release|Any CPU.Build.0 = Release|Any CPU
		{046954EC-04C3-4FB6-BFF5-B9E86C81ACD8}.Release|ARM.ActiveCfg = Release|Any CPU
		{046954EC-04C3-4FB6-BFF5-B9E86C81ACD8}.Release|ARM.Build.0 = Release|Any CPU
		{046954EC-04C3-4FB6-BFF5-B9E86C81ACD8}.Release|x64.ActiveCfg = Release|Any CPU
		{046954EC-04C3-4FB6-BFF5-B9E86C81ACD8}.Release|x64.Build.0 = Release|Any CPU
		{046954EC-04C3-4FB6-BFF5-B9E86C81ACD8}.Release|x86.ActiveCfg = Release|Any CPU
		{046954EC-04C3-4FB6-BFF5-B9E86C81ACD8}.Release|x86.Build.0 = Release|Any CPU
		{DBFC2FD9-F429-4F4D-87D1-5C0E36D9C08E}.Debug|Any CPU.ActiveCfg = Debug|Any CPU
		{DBFC2FD9-F429-4F4D-87D1-5C0E36D9C08E}.Debug|Any CPU.Build.0 = Debug|Any CPU
		{DBFC2FD9-F429-4F4D-87D1-5C0E36D9C08E}.Debug|ARM.ActiveCfg = Debug|Any CPU
		{DBFC2FD9-F429-4F4D-87D1-5C0E36D9C08E}.Debug|ARM.Build.0 = Debug|Any CPU
		{DBFC2FD9-F429-4F4D-87D1-5C0E36D9C08E}.Debug|x64.ActiveCfg = Debug|Any CPU
		{DBFC2FD9-F429-4F4D-87D1-5C0E36D9C08E}.Debug|x64.Build.0 = Debug|Any CPU
		{DBFC2FD9-F429-4F4D-87D1-5C0E36D9C08E}.Debug|x86.ActiveCfg = Debug|Any CPU
		{DBFC2FD9-F429-4F4D-87D1-5C0E36D9C08E}.Debug|x86.Build.0 = Debug|Any CPU
		{DBFC2FD9-F429-4F4D-87D1-5C0E36D9C08E}.Release|Any CPU.ActiveCfg = Release|Any CPU
		{DBFC2FD9-F429-4F4D-87D1-5C0E36D9C08E}.Release|Any CPU.Build.0 = Release|Any CPU
		{DBFC2FD9-F429-4F4D-87D1-5C0E36D9C08E}.Release|ARM.ActiveCfg = Release|Any CPU
		{DBFC2FD9-F429-4F4D-87D1-5C0E36D9C08E}.Release|ARM.Build.0 = Release|Any CPU
		{DBFC2FD9-F429-4F4D-87D1-5C0E36D9C08E}.Release|x64.ActiveCfg = Release|Any CPU
		{DBFC2FD9-F429-4F4D-87D1-5C0E36D9C08E}.Release|x64.Build.0 = Release|Any CPU
		{DBFC2FD9-F429-4F4D-87D1-5C0E36D9C08E}.Release|x86.ActiveCfg = Release|Any CPU
		{DBFC2FD9-F429-4F4D-87D1-5C0E36D9C08E}.Release|x86.Build.0 = Release|Any CPU
		{A001DA10-D9D6-4399-BC1F-8E3B6B1C7F80}.Debug|Any CPU.ActiveCfg = Debug|Any CPU
		{A001DA10-D9D6-4399-BC1F-8E3B6B1C7F80}.Debug|Any CPU.Build.0 = Debug|Any CPU
		{A001DA10-D9D6-4399-BC1F-8E3B6B1C7F80}.Debug|ARM.ActiveCfg = Debug|Any CPU
		{A001DA10-D9D6-4399-BC1F-8E3B6B1C7F80}.Debug|ARM.Build.0 = Debug|Any CPU
		{A001DA10-D9D6-4399-BC1F-8E3B6B1C7F80}.Debug|x64.ActiveCfg = Debug|Any CPU
		{A001DA10-D9D6-4399-BC1F-8E3B6B1C7F80}.Debug|x64.Build.0 = Debug|Any CPU
		{A001DA10-D9D6-4399-BC1F-8E3B6B1C7F80}.Debug|x86.ActiveCfg = Debug|Any CPU
		{A001DA10-D9D6-4399-BC1F-8E3B6B1C7F80}.Debug|x86.Build.0 = Debug|Any CPU
		{A001DA10-D9D6-4399-BC1F-8E3B6B1C7F80}.Release|Any CPU.ActiveCfg = Release|Any CPU
		{A001DA10-D9D6-4399-BC1F-8E3B6B1C7F80}.Release|Any CPU.Build.0 = Release|Any CPU
		{A001DA10-D9D6-4399-BC1F-8E3B6B1C7F80}.Release|ARM.ActiveCfg = Release|Any CPU
		{A001DA10-D9D6-4399-BC1F-8E3B6B1C7F80}.Release|ARM.Build.0 = Release|Any CPU
		{A001DA10-D9D6-4399-BC1F-8E3B6B1C7F80}.Release|x64.ActiveCfg = Release|Any CPU
		{A001DA10-D9D6-4399-BC1F-8E3B6B1C7F80}.Release|x64.Build.0 = Release|Any CPU
		{A001DA10-D9D6-4399-BC1F-8E3B6B1C7F80}.Release|x86.ActiveCfg = Release|Any CPU
		{A001DA10-D9D6-4399-BC1F-8E3B6B1C7F80}.Release|x86.Build.0 = Release|Any CPU
		{A4560E1E-3B2A-4ABE-8427-1F86FDF3ABD6}.Debug|Any CPU.ActiveCfg = Debug|Any CPU
		{A4560E1E-3B2A-4ABE-8427-1F86FDF3ABD6}.Debug|Any CPU.Build.0 = Debug|Any CPU
		{A4560E1E-3B2A-4ABE-8427-1F86FDF3ABD6}.Debug|ARM.ActiveCfg = Debug|Any CPU
		{A4560E1E-3B2A-4ABE-8427-1F86FDF3ABD6}.Debug|ARM.Build.0 = Debug|Any CPU
		{A4560E1E-3B2A-4ABE-8427-1F86FDF3ABD6}.Debug|x64.ActiveCfg = Debug|Any CPU
		{A4560E1E-3B2A-4ABE-8427-1F86FDF3ABD6}.Debug|x64.Build.0 = Debug|Any CPU
		{A4560E1E-3B2A-4ABE-8427-1F86FDF3ABD6}.Debug|x86.ActiveCfg = Debug|Any CPU
		{A4560E1E-3B2A-4ABE-8427-1F86FDF3ABD6}.Debug|x86.Build.0 = Debug|Any CPU
		{A4560E1E-3B2A-4ABE-8427-1F86FDF3ABD6}.Release|Any CPU.ActiveCfg = Release|Any CPU
		{A4560E1E-3B2A-4ABE-8427-1F86FDF3ABD6}.Release|Any CPU.Build.0 = Release|Any CPU
		{A4560E1E-3B2A-4ABE-8427-1F86FDF3ABD6}.Release|ARM.ActiveCfg = Release|Any CPU
		{A4560E1E-3B2A-4ABE-8427-1F86FDF3ABD6}.Release|ARM.Build.0 = Release|Any CPU
		{A4560E1E-3B2A-4ABE-8427-1F86FDF3ABD6}.Release|x64.ActiveCfg = Release|Any CPU
		{A4560E1E-3B2A-4ABE-8427-1F86FDF3ABD6}.Release|x64.Build.0 = Release|Any CPU
		{A4560E1E-3B2A-4ABE-8427-1F86FDF3ABD6}.Release|x86.ActiveCfg = Release|Any CPU
		{A4560E1E-3B2A-4ABE-8427-1F86FDF3ABD6}.Release|x86.Build.0 = Release|Any CPU
		{C1F8C98B-C18F-4EA4-897E-83615E9A7556}.Debug|Any CPU.ActiveCfg = Debug|Any CPU
		{C1F8C98B-C18F-4EA4-897E-83615E9A7556}.Debug|Any CPU.Build.0 = Debug|Any CPU
		{C1F8C98B-C18F-4EA4-897E-83615E9A7556}.Debug|ARM.ActiveCfg = Debug|Any CPU
		{C1F8C98B-C18F-4EA4-897E-83615E9A7556}.Debug|ARM.Build.0 = Debug|Any CPU
		{C1F8C98B-C18F-4EA4-897E-83615E9A7556}.Debug|x64.ActiveCfg = Debug|Any CPU
		{C1F8C98B-C18F-4EA4-897E-83615E9A7556}.Debug|x64.Build.0 = Debug|Any CPU
		{C1F8C98B-C18F-4EA4-897E-83615E9A7556}.Debug|x86.ActiveCfg = Debug|Any CPU
		{C1F8C98B-C18F-4EA4-897E-83615E9A7556}.Debug|x86.Build.0 = Debug|Any CPU
		{C1F8C98B-C18F-4EA4-897E-83615E9A7556}.Release|Any CPU.ActiveCfg = Release|Any CPU
		{C1F8C98B-C18F-4EA4-897E-83615E9A7556}.Release|Any CPU.Build.0 = Release|Any CPU
		{C1F8C98B-C18F-4EA4-897E-83615E9A7556}.Release|ARM.ActiveCfg = Release|Any CPU
		{C1F8C98B-C18F-4EA4-897E-83615E9A7556}.Release|ARM.Build.0 = Release|Any CPU
		{C1F8C98B-C18F-4EA4-897E-83615E9A7556}.Release|x64.ActiveCfg = Release|Any CPU
		{C1F8C98B-C18F-4EA4-897E-83615E9A7556}.Release|x64.Build.0 = Release|Any CPU
		{C1F8C98B-C18F-4EA4-897E-83615E9A7556}.Release|x86.ActiveCfg = Release|Any CPU
		{C1F8C98B-C18F-4EA4-897E-83615E9A7556}.Release|x86.Build.0 = Release|Any CPU
		{0602811E-0672-45D9-A59D-0E6FC63777FA}.Debug|Any CPU.ActiveCfg = Debug|Any CPU
		{0602811E-0672-45D9-A59D-0E6FC63777FA}.Debug|Any CPU.Build.0 = Debug|Any CPU
		{0602811E-0672-45D9-A59D-0E6FC63777FA}.Debug|ARM.ActiveCfg = Debug|Any CPU
		{0602811E-0672-45D9-A59D-0E6FC63777FA}.Debug|ARM.Build.0 = Debug|Any CPU
		{0602811E-0672-45D9-A59D-0E6FC63777FA}.Debug|x64.ActiveCfg = Debug|Any CPU
		{0602811E-0672-45D9-A59D-0E6FC63777FA}.Debug|x64.Build.0 = Debug|Any CPU
		{0602811E-0672-45D9-A59D-0E6FC63777FA}.Debug|x86.ActiveCfg = Debug|Any CPU
		{0602811E-0672-45D9-A59D-0E6FC63777FA}.Debug|x86.Build.0 = Debug|Any CPU
		{0602811E-0672-45D9-A59D-0E6FC63777FA}.Release|Any CPU.ActiveCfg = Release|Any CPU
		{0602811E-0672-45D9-A59D-0E6FC63777FA}.Release|Any CPU.Build.0 = Release|Any CPU
		{0602811E-0672-45D9-A59D-0E6FC63777FA}.Release|ARM.ActiveCfg = Release|Any CPU
		{0602811E-0672-45D9-A59D-0E6FC63777FA}.Release|ARM.Build.0 = Release|Any CPU
		{0602811E-0672-45D9-A59D-0E6FC63777FA}.Release|x64.ActiveCfg = Release|Any CPU
		{0602811E-0672-45D9-A59D-0E6FC63777FA}.Release|x64.Build.0 = Release|Any CPU
		{0602811E-0672-45D9-A59D-0E6FC63777FA}.Release|x86.ActiveCfg = Release|Any CPU
		{0602811E-0672-45D9-A59D-0E6FC63777FA}.Release|x86.Build.0 = Release|Any CPU
	EndGlobalSection
	GlobalSection(SolutionProperties) = preSolution
		HideSolutionNode = FALSE
	EndGlobalSection
	GlobalSection(NestedProjects) = preSolution
		{6B130BE7-4275-40F4-AC95-D065A3F78F27} = {4918A699-E244-41C4-9EA7-3CFD86856588}
		{01C1B1D4-3E7B-41FD-9A15-AA44F95D1AF4} = {2FD9A368-524B-4330-962B-4519BAA8DD55}
		{C1F8C98B-C18F-4EA4-897E-83615E9A7556} = {2FD9A368-524B-4330-962B-4519BAA8DD55}
		{0602811E-0672-45D9-A59D-0E6FC63777FA} = {2FD9A368-524B-4330-962B-4519BAA8DD55}
	EndGlobalSection
	GlobalSection(ExtensibilityGlobals) = postSolution
		SolutionGuid = {2D3D7AAF-758C-459D-889B-46BFFA173E42}
	EndGlobalSection
	GlobalSection(Performance) = preSolution
		HasPerformanceSessions = true
	EndGlobalSection
	GlobalSection(Performance) = preSolution
		HasPerformanceSessions = true
	EndGlobalSection
	GlobalSection(Performance) = preSolution
		HasPerformanceSessions = true
	EndGlobalSection
	GlobalSection(Performance) = preSolution
		HasPerformanceSessions = true
	EndGlobalSection
	GlobalSection(Performance) = preSolution
		HasPerformanceSessions = true
	EndGlobalSection
EndGlobal
