
Microsoft Visual Studio Solution File, Format Version 12.00
# Visual Studio 15
VisualStudioVersion = 15.0.26124.0
MinimumVisualStudioVersion = 15.0.26124.0
Project("{2150E333-8FDC-42A3-9474-1A3956D46DE8}") = "Veldrid", "Veldrid", "{855F474F-471E-4D01-9E1A-4780361D4B46}"
EndProject
Project("{9A19103F-16F7-4668-BE54-9A1E7A4F7556}") = "Veldrid", "..\SomeAnonDev\veldrid\src\Veldrid\Veldrid.csproj", "{6E1331FC-CC0C-429F-9DD2-8D357947D800}"
EndProject
Project("{9A19103F-16F7-4668-BE54-9A1E7A4F7556}") = "Veldrid.SDL2", "..\SomeAnonDev\veldrid\src\Veldrid.SDL2\Veldrid.SDL2.csproj", "{CBE1C7AE-837F-4C2D-A48E-89C0D9D94792}"
EndProject
Project("{9A19103F-16F7-4668-BE54-9A1E7A4F7556}") = "Veldrid.StartupUtilities", "..\SomeAnonDev\veldrid\src\Veldrid.StartupUtilities\Veldrid.StartupUtilities.csproj", "{20199CEE-B47F-4ED6-81FC-489CEC8F126B}"
EndProject
Project("{9A19103F-16F7-4668-BE54-9A1E7A4F7556}") = "Veldrid.OpenGLBindings", "..\SomeAnonDev\veldrid\src\Veldrid.OpenGLBindings\Veldrid.OpenGLBindings.csproj", "{F2CA0F22-3422-4142-9F36-16FDF4303B72}"
EndProject
Project("{9A19103F-16F7-4668-BE54-9A1E7A4F7556}") = "Veldrid.MetalBindings", "..\SomeAnonDev\veldrid\src\Veldrid.MetalBindings\Veldrid.MetalBindings.csproj", "{7FAEE2F3-DCAF-4C27-BB87-499797AB69B8}"
EndProject
Project("{9A19103F-16F7-4668-BE54-9A1E7A4F7556}") = "NitroSharp.NsScript", "src\NitroSharp.NsScript\NitroSharp.NsScript.csproj", "{EDDB427C-E562-4FA2-AE7A-CD57D1B55A7E}"
EndProject
Project("{9A19103F-16F7-4668-BE54-9A1E7A4F7556}") = "NitroSharp.NsScript.Tests", "src\NitroSharp.NsScript.Tests\NitroSharp.NsScript.Tests.csproj", "{B25435FE-E989-498B-9A23-26E3382BFDC6}"
EndProject
Project("{9A19103F-16F7-4668-BE54-9A1E7A4F7556}") = "NitroSharp", "src\NitroSharp\NitroSharp.csproj", "{F675497C-35FD-43D9-A68C-7CE8E57E050F}"
EndProject
Project("{9A19103F-16F7-4668-BE54-9A1E7A4F7556}") = "FreeTypeBindings", "src\FreeTypeBindings\FreeTypeBindings.csproj", "{76706A9A-2E2F-419C-9C39-037D0A2B2010}"
EndProject
Project("{2150E333-8FDC-42A3-9474-1A3956D46DE8}") = "Games", "Games", "{EEF1CFDB-B346-443D-A4CF-490B5A00F650}"
EndProject
Project("{9A19103F-16F7-4668-BE54-9A1E7A4F7556}") = "NitroSharp.Launcher", "src\NitroSharp.Launcher\NitroSharp.Launcher.csproj", "{DDA75530-BA8B-4B5E-B4EC-563FEDDE7A50}"
EndProject
Project("{FAE04EC0-301F-11D3-BF4B-00C04F79EFBC}") = "CowsHead.Android", "src\Games\CowsHead.Android\CowsHead.Android.csproj", "{A4C0F71A-EC8F-4936-BFC6-E1346D8F5C40}"
EndProject
Global
	GlobalSection(SolutionConfigurationPlatforms) = preSolution
		Debug|Any CPU = Debug|Any CPU
		Debug|x64 = Debug|x64
		Debug|x86 = Debug|x86
		Release|Any CPU = Release|Any CPU
		Release|x64 = Release|x64
		Release|x86 = Release|x86
	EndGlobalSection
	GlobalSection(ProjectConfigurationPlatforms) = postSolution
		{6E1331FC-CC0C-429F-9DD2-8D357947D800}.Debug|Any CPU.ActiveCfg = Debug|Any CPU
		{6E1331FC-CC0C-429F-9DD2-8D357947D800}.Debug|Any CPU.Build.0 = Debug|Any CPU
		{6E1331FC-CC0C-429F-9DD2-8D357947D800}.Debug|x64.ActiveCfg = Debug|Any CPU
		{6E1331FC-CC0C-429F-9DD2-8D357947D800}.Debug|x64.Build.0 = Debug|Any CPU
		{6E1331FC-CC0C-429F-9DD2-8D357947D800}.Debug|x86.ActiveCfg = Debug|Any CPU
		{6E1331FC-CC0C-429F-9DD2-8D357947D800}.Debug|x86.Build.0 = Debug|Any CPU
		{6E1331FC-CC0C-429F-9DD2-8D357947D800}.Release|Any CPU.ActiveCfg = Release|Any CPU
		{6E1331FC-CC0C-429F-9DD2-8D357947D800}.Release|Any CPU.Build.0 = Release|Any CPU
		{6E1331FC-CC0C-429F-9DD2-8D357947D800}.Release|x64.ActiveCfg = Release|Any CPU
		{6E1331FC-CC0C-429F-9DD2-8D357947D800}.Release|x64.Build.0 = Release|Any CPU
		{6E1331FC-CC0C-429F-9DD2-8D357947D800}.Release|x86.ActiveCfg = Release|Any CPU
		{6E1331FC-CC0C-429F-9DD2-8D357947D800}.Release|x86.Build.0 = Release|Any CPU
		{CBE1C7AE-837F-4C2D-A48E-89C0D9D94792}.Debug|Any CPU.ActiveCfg = Debug|Any CPU
		{CBE1C7AE-837F-4C2D-A48E-89C0D9D94792}.Debug|Any CPU.Build.0 = Debug|Any CPU
		{CBE1C7AE-837F-4C2D-A48E-89C0D9D94792}.Debug|x64.ActiveCfg = Debug|Any CPU
		{CBE1C7AE-837F-4C2D-A48E-89C0D9D94792}.Debug|x64.Build.0 = Debug|Any CPU
		{CBE1C7AE-837F-4C2D-A48E-89C0D9D94792}.Debug|x86.ActiveCfg = Debug|Any CPU
		{CBE1C7AE-837F-4C2D-A48E-89C0D9D94792}.Debug|x86.Build.0 = Debug|Any CPU
		{CBE1C7AE-837F-4C2D-A48E-89C0D9D94792}.Release|Any CPU.ActiveCfg = Release|Any CPU
		{CBE1C7AE-837F-4C2D-A48E-89C0D9D94792}.Release|Any CPU.Build.0 = Release|Any CPU
		{CBE1C7AE-837F-4C2D-A48E-89C0D9D94792}.Release|x64.ActiveCfg = Release|Any CPU
		{CBE1C7AE-837F-4C2D-A48E-89C0D9D94792}.Release|x64.Build.0 = Release|Any CPU
		{CBE1C7AE-837F-4C2D-A48E-89C0D9D94792}.Release|x86.ActiveCfg = Release|Any CPU
		{CBE1C7AE-837F-4C2D-A48E-89C0D9D94792}.Release|x86.Build.0 = Release|Any CPU
		{20199CEE-B47F-4ED6-81FC-489CEC8F126B}.Debug|Any CPU.ActiveCfg = Debug|Any CPU
		{20199CEE-B47F-4ED6-81FC-489CEC8F126B}.Debug|Any CPU.Build.0 = Debug|Any CPU
		{20199CEE-B47F-4ED6-81FC-489CEC8F126B}.Debug|x64.ActiveCfg = Debug|Any CPU
		{20199CEE-B47F-4ED6-81FC-489CEC8F126B}.Debug|x64.Build.0 = Debug|Any CPU
		{20199CEE-B47F-4ED6-81FC-489CEC8F126B}.Debug|x86.ActiveCfg = Debug|Any CPU
		{20199CEE-B47F-4ED6-81FC-489CEC8F126B}.Debug|x86.Build.0 = Debug|Any CPU
		{20199CEE-B47F-4ED6-81FC-489CEC8F126B}.Release|Any CPU.ActiveCfg = Release|Any CPU
		{20199CEE-B47F-4ED6-81FC-489CEC8F126B}.Release|Any CPU.Build.0 = Release|Any CPU
		{20199CEE-B47F-4ED6-81FC-489CEC8F126B}.Release|x64.ActiveCfg = Release|Any CPU
		{20199CEE-B47F-4ED6-81FC-489CEC8F126B}.Release|x64.Build.0 = Release|Any CPU
		{20199CEE-B47F-4ED6-81FC-489CEC8F126B}.Release|x86.ActiveCfg = Release|Any CPU
		{20199CEE-B47F-4ED6-81FC-489CEC8F126B}.Release|x86.Build.0 = Release|Any CPU
		{F2CA0F22-3422-4142-9F36-16FDF4303B72}.Debug|Any CPU.ActiveCfg = Debug|Any CPU
		{F2CA0F22-3422-4142-9F36-16FDF4303B72}.Debug|Any CPU.Build.0 = Debug|Any CPU
		{F2CA0F22-3422-4142-9F36-16FDF4303B72}.Debug|x64.ActiveCfg = Debug|Any CPU
		{F2CA0F22-3422-4142-9F36-16FDF4303B72}.Debug|x64.Build.0 = Debug|Any CPU
		{F2CA0F22-3422-4142-9F36-16FDF4303B72}.Debug|x86.ActiveCfg = Debug|Any CPU
		{F2CA0F22-3422-4142-9F36-16FDF4303B72}.Debug|x86.Build.0 = Debug|Any CPU
		{F2CA0F22-3422-4142-9F36-16FDF4303B72}.Release|Any CPU.ActiveCfg = Release|Any CPU
		{F2CA0F22-3422-4142-9F36-16FDF4303B72}.Release|Any CPU.Build.0 = Release|Any CPU
		{F2CA0F22-3422-4142-9F36-16FDF4303B72}.Release|x64.ActiveCfg = Release|Any CPU
		{F2CA0F22-3422-4142-9F36-16FDF4303B72}.Release|x64.Build.0 = Release|Any CPU
		{F2CA0F22-3422-4142-9F36-16FDF4303B72}.Release|x86.ActiveCfg = Release|Any CPU
		{F2CA0F22-3422-4142-9F36-16FDF4303B72}.Release|x86.Build.0 = Release|Any CPU
		{7FAEE2F3-DCAF-4C27-BB87-499797AB69B8}.Debug|Any CPU.ActiveCfg = Debug|Any CPU
		{7FAEE2F3-DCAF-4C27-BB87-499797AB69B8}.Debug|Any CPU.Build.0 = Debug|Any CPU
		{7FAEE2F3-DCAF-4C27-BB87-499797AB69B8}.Debug|x64.ActiveCfg = Debug|Any CPU
		{7FAEE2F3-DCAF-4C27-BB87-499797AB69B8}.Debug|x64.Build.0 = Debug|Any CPU
		{7FAEE2F3-DCAF-4C27-BB87-499797AB69B8}.Debug|x86.ActiveCfg = Debug|Any CPU
		{7FAEE2F3-DCAF-4C27-BB87-499797AB69B8}.Debug|x86.Build.0 = Debug|Any CPU
		{7FAEE2F3-DCAF-4C27-BB87-499797AB69B8}.Release|Any CPU.ActiveCfg = Release|Any CPU
		{7FAEE2F3-DCAF-4C27-BB87-499797AB69B8}.Release|Any CPU.Build.0 = Release|Any CPU
		{7FAEE2F3-DCAF-4C27-BB87-499797AB69B8}.Release|x64.ActiveCfg = Release|Any CPU
		{7FAEE2F3-DCAF-4C27-BB87-499797AB69B8}.Release|x64.Build.0 = Release|Any CPU
		{7FAEE2F3-DCAF-4C27-BB87-499797AB69B8}.Release|x86.ActiveCfg = Release|Any CPU
		{7FAEE2F3-DCAF-4C27-BB87-499797AB69B8}.Release|x86.Build.0 = Release|Any CPU
		{EDDB427C-E562-4FA2-AE7A-CD57D1B55A7E}.Debug|Any CPU.ActiveCfg = Debug|Any CPU
		{EDDB427C-E562-4FA2-AE7A-CD57D1B55A7E}.Debug|Any CPU.Build.0 = Debug|Any CPU
		{EDDB427C-E562-4FA2-AE7A-CD57D1B55A7E}.Debug|x64.ActiveCfg = Debug|Any CPU
		{EDDB427C-E562-4FA2-AE7A-CD57D1B55A7E}.Debug|x64.Build.0 = Debug|Any CPU
		{EDDB427C-E562-4FA2-AE7A-CD57D1B55A7E}.Debug|x86.ActiveCfg = Debug|Any CPU
		{EDDB427C-E562-4FA2-AE7A-CD57D1B55A7E}.Debug|x86.Build.0 = Debug|Any CPU
		{EDDB427C-E562-4FA2-AE7A-CD57D1B55A7E}.Release|Any CPU.ActiveCfg = Release|Any CPU
		{EDDB427C-E562-4FA2-AE7A-CD57D1B55A7E}.Release|Any CPU.Build.0 = Release|Any CPU
		{EDDB427C-E562-4FA2-AE7A-CD57D1B55A7E}.Release|x64.ActiveCfg = Release|Any CPU
		{EDDB427C-E562-4FA2-AE7A-CD57D1B55A7E}.Release|x64.Build.0 = Release|Any CPU
		{EDDB427C-E562-4FA2-AE7A-CD57D1B55A7E}.Release|x86.ActiveCfg = Release|Any CPU
		{EDDB427C-E562-4FA2-AE7A-CD57D1B55A7E}.Release|x86.Build.0 = Release|Any CPU
		{B25435FE-E989-498B-9A23-26E3382BFDC6}.Debug|Any CPU.ActiveCfg = Debug|Any CPU
		{B25435FE-E989-498B-9A23-26E3382BFDC6}.Debug|Any CPU.Build.0 = Debug|Any CPU
		{B25435FE-E989-498B-9A23-26E3382BFDC6}.Debug|x64.ActiveCfg = Debug|Any CPU
		{B25435FE-E989-498B-9A23-26E3382BFDC6}.Debug|x64.Build.0 = Debug|Any CPU
		{B25435FE-E989-498B-9A23-26E3382BFDC6}.Debug|x86.ActiveCfg = Debug|Any CPU
		{B25435FE-E989-498B-9A23-26E3382BFDC6}.Debug|x86.Build.0 = Debug|Any CPU
		{B25435FE-E989-498B-9A23-26E3382BFDC6}.Release|Any CPU.ActiveCfg = Release|Any CPU
		{B25435FE-E989-498B-9A23-26E3382BFDC6}.Release|Any CPU.Build.0 = Release|Any CPU
		{B25435FE-E989-498B-9A23-26E3382BFDC6}.Release|x64.ActiveCfg = Release|Any CPU
		{B25435FE-E989-498B-9A23-26E3382BFDC6}.Release|x64.Build.0 = Release|Any CPU
		{B25435FE-E989-498B-9A23-26E3382BFDC6}.Release|x86.ActiveCfg = Release|Any CPU
		{B25435FE-E989-498B-9A23-26E3382BFDC6}.Release|x86.Build.0 = Release|Any CPU
		{F675497C-35FD-43D9-A68C-7CE8E57E050F}.Debug|Any CPU.ActiveCfg = Debug|Any CPU
		{F675497C-35FD-43D9-A68C-7CE8E57E050F}.Debug|Any CPU.Build.0 = Debug|Any CPU
		{F675497C-35FD-43D9-A68C-7CE8E57E050F}.Debug|x64.ActiveCfg = Debug|Any CPU
		{F675497C-35FD-43D9-A68C-7CE8E57E050F}.Debug|x64.Build.0 = Debug|Any CPU
		{F675497C-35FD-43D9-A68C-7CE8E57E050F}.Debug|x86.ActiveCfg = Debug|Any CPU
		{F675497C-35FD-43D9-A68C-7CE8E57E050F}.Debug|x86.Build.0 = Debug|Any CPU
		{F675497C-35FD-43D9-A68C-7CE8E57E050F}.Release|Any CPU.ActiveCfg = Release|Any CPU
		{F675497C-35FD-43D9-A68C-7CE8E57E050F}.Release|Any CPU.Build.0 = Release|Any CPU
		{F675497C-35FD-43D9-A68C-7CE8E57E050F}.Release|x64.ActiveCfg = Release|Any CPU
		{F675497C-35FD-43D9-A68C-7CE8E57E050F}.Release|x64.Build.0 = Release|Any CPU
		{F675497C-35FD-43D9-A68C-7CE8E57E050F}.Release|x86.ActiveCfg = Release|Any CPU
		{F675497C-35FD-43D9-A68C-7CE8E57E050F}.Release|x86.Build.0 = Release|Any CPU
		{76706A9A-2E2F-419C-9C39-037D0A2B2010}.Debug|Any CPU.ActiveCfg = Debug|Any CPU
		{76706A9A-2E2F-419C-9C39-037D0A2B2010}.Debug|Any CPU.Build.0 = Debug|Any CPU
		{76706A9A-2E2F-419C-9C39-037D0A2B2010}.Debug|x64.ActiveCfg = Debug|Any CPU
		{76706A9A-2E2F-419C-9C39-037D0A2B2010}.Debug|x64.Build.0 = Debug|Any CPU
		{76706A9A-2E2F-419C-9C39-037D0A2B2010}.Debug|x86.ActiveCfg = Debug|Any CPU
		{76706A9A-2E2F-419C-9C39-037D0A2B2010}.Debug|x86.Build.0 = Debug|Any CPU
		{76706A9A-2E2F-419C-9C39-037D0A2B2010}.Release|Any CPU.ActiveCfg = Release|Any CPU
		{76706A9A-2E2F-419C-9C39-037D0A2B2010}.Release|Any CPU.Build.0 = Release|Any CPU
		{76706A9A-2E2F-419C-9C39-037D0A2B2010}.Release|x64.ActiveCfg = Release|Any CPU
		{76706A9A-2E2F-419C-9C39-037D0A2B2010}.Release|x64.Build.0 = Release|Any CPU
		{76706A9A-2E2F-419C-9C39-037D0A2B2010}.Release|x86.ActiveCfg = Release|Any CPU
		{76706A9A-2E2F-419C-9C39-037D0A2B2010}.Release|x86.Build.0 = Release|Any CPU
		{03AE6E58-C488-4CE3-A189-AA7FE2200C4B}.Debug|Any CPU.ActiveCfg = Debug|Any CPU
		{03AE6E58-C488-4CE3-A189-AA7FE2200C4B}.Debug|Any CPU.Build.0 = Debug|Any CPU
		{03AE6E58-C488-4CE3-A189-AA7FE2200C4B}.Debug|Any CPU.Deploy.0 = Debug|Any CPU
		{03AE6E58-C488-4CE3-A189-AA7FE2200C4B}.Debug|x64.ActiveCfg = Debug|Any CPU
		{03AE6E58-C488-4CE3-A189-AA7FE2200C4B}.Debug|x64.Build.0 = Debug|Any CPU
		{03AE6E58-C488-4CE3-A189-AA7FE2200C4B}.Debug|x64.Deploy.0 = Debug|Any CPU
		{03AE6E58-C488-4CE3-A189-AA7FE2200C4B}.Debug|x86.ActiveCfg = Debug|Any CPU
		{03AE6E58-C488-4CE3-A189-AA7FE2200C4B}.Debug|x86.Build.0 = Debug|Any CPU
		{03AE6E58-C488-4CE3-A189-AA7FE2200C4B}.Debug|x86.Deploy.0 = Debug|Any CPU
		{03AE6E58-C488-4CE3-A189-AA7FE2200C4B}.Release|Any CPU.ActiveCfg = Release|Any CPU
		{03AE6E58-C488-4CE3-A189-AA7FE2200C4B}.Release|Any CPU.Build.0 = Release|Any CPU
		{03AE6E58-C488-4CE3-A189-AA7FE2200C4B}.Release|Any CPU.Deploy.0 = Release|Any CPU
		{03AE6E58-C488-4CE3-A189-AA7FE2200C4B}.Release|x64.ActiveCfg = Release|Any CPU
		{03AE6E58-C488-4CE3-A189-AA7FE2200C4B}.Release|x64.Build.0 = Release|Any CPU
		{03AE6E58-C488-4CE3-A189-AA7FE2200C4B}.Release|x64.Deploy.0 = Release|Any CPU
		{03AE6E58-C488-4CE3-A189-AA7FE2200C4B}.Release|x86.ActiveCfg = Release|Any CPU
		{03AE6E58-C488-4CE3-A189-AA7FE2200C4B}.Release|x86.Build.0 = Release|Any CPU
		{03AE6E58-C488-4CE3-A189-AA7FE2200C4B}.Release|x86.Deploy.0 = Release|Any CPU
		{DDA75530-BA8B-4B5E-B4EC-563FEDDE7A50}.Debug|Any CPU.ActiveCfg = Debug|Any CPU
		{DDA75530-BA8B-4B5E-B4EC-563FEDDE7A50}.Debug|Any CPU.Build.0 = Debug|Any CPU
		{DDA75530-BA8B-4B5E-B4EC-563FEDDE7A50}.Debug|x64.ActiveCfg = Debug|Any CPU
		{DDA75530-BA8B-4B5E-B4EC-563FEDDE7A50}.Debug|x64.Build.0 = Debug|Any CPU
		{DDA75530-BA8B-4B5E-B4EC-563FEDDE7A50}.Debug|x86.ActiveCfg = Debug|Any CPU
		{DDA75530-BA8B-4B5E-B4EC-563FEDDE7A50}.Debug|x86.Build.0 = Debug|Any CPU
		{DDA75530-BA8B-4B5E-B4EC-563FEDDE7A50}.Release|Any CPU.ActiveCfg = Release|Any CPU
		{DDA75530-BA8B-4B5E-B4EC-563FEDDE7A50}.Release|Any CPU.Build.0 = Release|Any CPU
		{DDA75530-BA8B-4B5E-B4EC-563FEDDE7A50}.Release|x64.ActiveCfg = Release|Any CPU
		{DDA75530-BA8B-4B5E-B4EC-563FEDDE7A50}.Release|x64.Build.0 = Release|Any CPU
		{DDA75530-BA8B-4B5E-B4EC-563FEDDE7A50}.Release|x86.ActiveCfg = Release|Any CPU
		{DDA75530-BA8B-4B5E-B4EC-563FEDDE7A50}.Release|x86.Build.0 = Release|Any CPU
		{A4C0F71A-EC8F-4936-BFC6-E1346D8F5C40}.Debug|Any CPU.ActiveCfg = Debug|Any CPU
		{A4C0F71A-EC8F-4936-BFC6-E1346D8F5C40}.Debug|Any CPU.Build.0 = Debug|Any CPU
		{A4C0F71A-EC8F-4936-BFC6-E1346D8F5C40}.Debug|Any CPU.Deploy.0 = Debug|Any CPU
		{A4C0F71A-EC8F-4936-BFC6-E1346D8F5C40}.Debug|x64.ActiveCfg = Debug|Any CPU
		{A4C0F71A-EC8F-4936-BFC6-E1346D8F5C40}.Debug|x64.Build.0 = Debug|Any CPU
		{A4C0F71A-EC8F-4936-BFC6-E1346D8F5C40}.Debug|x64.Deploy.0 = Debug|Any CPU
		{A4C0F71A-EC8F-4936-BFC6-E1346D8F5C40}.Debug|x86.ActiveCfg = Debug|Any CPU
		{A4C0F71A-EC8F-4936-BFC6-E1346D8F5C40}.Debug|x86.Build.0 = Debug|Any CPU
		{A4C0F71A-EC8F-4936-BFC6-E1346D8F5C40}.Debug|x86.Deploy.0 = Debug|Any CPU
		{A4C0F71A-EC8F-4936-BFC6-E1346D8F5C40}.Release|Any CPU.ActiveCfg = Release|Any CPU
		{A4C0F71A-EC8F-4936-BFC6-E1346D8F5C40}.Release|Any CPU.Build.0 = Release|Any CPU
		{A4C0F71A-EC8F-4936-BFC6-E1346D8F5C40}.Release|Any CPU.Deploy.0 = Release|Any CPU
		{A4C0F71A-EC8F-4936-BFC6-E1346D8F5C40}.Release|x64.ActiveCfg = Release|Any CPU
		{A4C0F71A-EC8F-4936-BFC6-E1346D8F5C40}.Release|x64.Build.0 = Release|Any CPU
		{A4C0F71A-EC8F-4936-BFC6-E1346D8F5C40}.Release|x64.Deploy.0 = Release|Any CPU
		{A4C0F71A-EC8F-4936-BFC6-E1346D8F5C40}.Release|x86.ActiveCfg = Release|Any CPU
		{A4C0F71A-EC8F-4936-BFC6-E1346D8F5C40}.Release|x86.Build.0 = Release|Any CPU
		{A4C0F71A-EC8F-4936-BFC6-E1346D8F5C40}.Release|x86.Deploy.0 = Release|Any CPU
	EndGlobalSection
	GlobalSection(SolutionProperties) = preSolution
		HideSolutionNode = FALSE
	EndGlobalSection
	GlobalSection(NestedProjects) = preSolution
		{6E1331FC-CC0C-429F-9DD2-8D357947D800} = {855F474F-471E-4D01-9E1A-4780361D4B46}
		{CBE1C7AE-837F-4C2D-A48E-89C0D9D94792} = {855F474F-471E-4D01-9E1A-4780361D4B46}
		{20199CEE-B47F-4ED6-81FC-489CEC8F126B} = {855F474F-471E-4D01-9E1A-4780361D4B46}
		{F2CA0F22-3422-4142-9F36-16FDF4303B72} = {855F474F-471E-4D01-9E1A-4780361D4B46}
		{7FAEE2F3-DCAF-4C27-BB87-499797AB69B8} = {855F474F-471E-4D01-9E1A-4780361D4B46}
		{03AE6E58-C488-4CE3-A189-AA7FE2200C4B} = {EEF1CFDB-B346-443D-A4CF-490B5A00F650}
		{A4C0F71A-EC8F-4936-BFC6-E1346D8F5C40} = {EEF1CFDB-B346-443D-A4CF-490B5A00F650}
	EndGlobalSection
	GlobalSection(ExtensibilityGlobals) = postSolution
		SolutionGuid = {2FCEC2A3-2FB3-4D10-BEA2-481CFBAB3749}
	EndGlobalSection
EndGlobal
