
Microsoft Visual Studio Solution File, Format Version 12.00
# Visual Studio 15
VisualStudioVersion = 15.0.27130.2020
MinimumVisualStudioVersion = 10.0.40219.1
Project("{9A19103F-16F7-4668-BE54-9A1E7A4F7556}") = "NitroSharp.NsScript", "src\NitroSharp.NsScript\NitroSharp.NsScript.csproj", "{D141E5DC-81DB-4352-8BAE-E3772BDC23DE}"
EndProject
Project("{9A19103F-16F7-4668-BE54-9A1E7A4F7556}") = "NitroSharp.NsScript.Tests", "src\NitroSharp.NsScript.Tests\NitroSharp.NsScript.Tests.csproj", "{EC39394D-3A99-4EBB-83F3-9D800A8D4BCC}"
EndProject
Project("{9A19103F-16F7-4668-BE54-9A1E7A4F7556}") = "NitroSharp.Launcher", "src\NitroSharp.Launcher\NitroSharp.Launcher.csproj", "{9EED6466-9179-42AA-A230-ACD09A5D341C}"
EndProject
Project("{2150E333-8FDC-42A3-9474-1A3956D46DE8}") = "Games", "Games", "{4918A699-E244-41C4-9EA7-3CFD86856588}"
EndProject
Project("{9A19103F-16F7-4668-BE54-9A1E7A4F7556}") = "CowsHead", "src\Games\CowsHead\CowsHead.csproj", "{6B130BE7-4275-40F4-AC95-D065A3F78F27}"
EndProject
Project("{9A19103F-16F7-4668-BE54-9A1E7A4F7556}") = "NitroSharp", "src\NitroSharp\NitroSharp.csproj", "{E215F732-E65F-4F98-B1FA-E346B582809E}"
EndProject
Project("{9A19103F-16F7-4668-BE54-9A1E7A4F7556}") = "FreeTypeBindings", "src\FreeTypeBindings\FreeTypeBindings.csproj", "{01C1B1D4-3E7B-41FD-9A15-AA44F95D1AF4}"
EndProject
Project("{2150E333-8FDC-42A3-9474-1A3956D46DE8}") = "Veldrid", "Veldrid", "{CEB218FE-4BD1-4C10-9AAF-1AF2697ADDBA}"
EndProject
Project("{9A19103F-16F7-4668-BE54-9A1E7A4F7556}") = "Veldrid", "..\SomeAnonDev\veldrid\src\Veldrid\Veldrid.csproj", "{2B5E60C7-90BC-4A30-A583-214F632FD494}"
EndProject
Project("{9A19103F-16F7-4668-BE54-9A1E7A4F7556}") = "Veldrid.MetalBindings", "..\SomeAnonDev\veldrid\src\Veldrid.MetalBindings\Veldrid.MetalBindings.csproj", "{C1116F47-14D0-4B1C-BA13-BDB7F0B7E198}"
EndProject
Project("{9A19103F-16F7-4668-BE54-9A1E7A4F7556}") = "Veldrid.OpenGLBindings", "..\SomeAnonDev\veldrid\src\Veldrid.OpenGLBindings\Veldrid.OpenGLBindings.csproj", "{9629277F-2EE9-4BE4-BF1A-4F0A09D7AAEB}"
EndProject
Project("{9A19103F-16F7-4668-BE54-9A1E7A4F7556}") = "Veldrid.SDL2", "..\SomeAnonDev\veldrid\src\Veldrid.SDL2\Veldrid.SDL2.csproj", "{B95DA3FD-2A9A-4545-B0AB-23F5D6FE7BE0}"
EndProject
Project("{9A19103F-16F7-4668-BE54-9A1E7A4F7556}") = "Veldrid.StartupUtilities", "..\SomeAnonDev\veldrid\src\Veldrid.StartupUtilities\Veldrid.StartupUtilities.csproj", "{3E06C465-0035-4F92-A217-9A8862267B5A}"
EndProject
Global
	GlobalSection(SolutionConfigurationPlatforms) = preSolution
		Debug|Any CPU = Debug|Any CPU
		Debug|ARM = Debug|ARM
		Debug|x64 = Debug|x64
		Debug|x86 = Debug|x86
		Release|Any CPU = Release|Any CPU
		Release|ARM = Release|ARM
		Release|x64 = Release|x64
		Release|x86 = Release|x86
	EndGlobalSection
	GlobalSection(ProjectConfigurationPlatforms) = postSolution
		{D141E5DC-81DB-4352-8BAE-E3772BDC23DE}.Debug|Any CPU.ActiveCfg = Debug|Any CPU
		{D141E5DC-81DB-4352-8BAE-E3772BDC23DE}.Debug|Any CPU.Build.0 = Debug|Any CPU
		{D141E5DC-81DB-4352-8BAE-E3772BDC23DE}.Debug|ARM.ActiveCfg = Debug|Any CPU
		{D141E5DC-81DB-4352-8BAE-E3772BDC23DE}.Debug|ARM.Build.0 = Debug|Any CPU
		{D141E5DC-81DB-4352-8BAE-E3772BDC23DE}.Debug|x64.ActiveCfg = Debug|Any CPU
		{D141E5DC-81DB-4352-8BAE-E3772BDC23DE}.Debug|x64.Build.0 = Debug|Any CPU
		{D141E5DC-81DB-4352-8BAE-E3772BDC23DE}.Debug|x86.ActiveCfg = Debug|Any CPU
		{D141E5DC-81DB-4352-8BAE-E3772BDC23DE}.Debug|x86.Build.0 = Debug|Any CPU
		{D141E5DC-81DB-4352-8BAE-E3772BDC23DE}.Release|Any CPU.ActiveCfg = Release|Any CPU
		{D141E5DC-81DB-4352-8BAE-E3772BDC23DE}.Release|Any CPU.Build.0 = Release|Any CPU
		{D141E5DC-81DB-4352-8BAE-E3772BDC23DE}.Release|ARM.ActiveCfg = Release|Any CPU
		{D141E5DC-81DB-4352-8BAE-E3772BDC23DE}.Release|ARM.Build.0 = Release|Any CPU
		{D141E5DC-81DB-4352-8BAE-E3772BDC23DE}.Release|x64.ActiveCfg = Release|Any CPU
		{D141E5DC-81DB-4352-8BAE-E3772BDC23DE}.Release|x64.Build.0 = Release|Any CPU
		{D141E5DC-81DB-4352-8BAE-E3772BDC23DE}.Release|x86.ActiveCfg = Release|Any CPU
		{D141E5DC-81DB-4352-8BAE-E3772BDC23DE}.Release|x86.Build.0 = Release|Any CPU
		{EC39394D-3A99-4EBB-83F3-9D800A8D4BCC}.Debug|Any CPU.ActiveCfg = Debug|Any CPU
		{EC39394D-3A99-4EBB-83F3-9D800A8D4BCC}.Debug|Any CPU.Build.0 = Debug|Any CPU
		{EC39394D-3A99-4EBB-83F3-9D800A8D4BCC}.Debug|ARM.ActiveCfg = Debug|Any CPU
		{EC39394D-3A99-4EBB-83F3-9D800A8D4BCC}.Debug|ARM.Build.0 = Debug|Any CPU
		{EC39394D-3A99-4EBB-83F3-9D800A8D4BCC}.Debug|x64.ActiveCfg = Debug|Any CPU
		{EC39394D-3A99-4EBB-83F3-9D800A8D4BCC}.Debug|x64.Build.0 = Debug|Any CPU
		{EC39394D-3A99-4EBB-83F3-9D800A8D4BCC}.Debug|x86.ActiveCfg = Debug|Any CPU
		{EC39394D-3A99-4EBB-83F3-9D800A8D4BCC}.Debug|x86.Build.0 = Debug|Any CPU
		{EC39394D-3A99-4EBB-83F3-9D800A8D4BCC}.Release|Any CPU.ActiveCfg = Release|Any CPU
		{EC39394D-3A99-4EBB-83F3-9D800A8D4BCC}.Release|Any CPU.Build.0 = Release|Any CPU
		{EC39394D-3A99-4EBB-83F3-9D800A8D4BCC}.Release|ARM.ActiveCfg = Release|Any CPU
		{EC39394D-3A99-4EBB-83F3-9D800A8D4BCC}.Release|ARM.Build.0 = Release|Any CPU
		{EC39394D-3A99-4EBB-83F3-9D800A8D4BCC}.Release|x64.ActiveCfg = Release|Any CPU
		{EC39394D-3A99-4EBB-83F3-9D800A8D4BCC}.Release|x64.Build.0 = Release|Any CPU
		{EC39394D-3A99-4EBB-83F3-9D800A8D4BCC}.Release|x86.ActiveCfg = Release|Any CPU
		{EC39394D-3A99-4EBB-83F3-9D800A8D4BCC}.Release|x86.Build.0 = Release|Any CPU
		{9EED6466-9179-42AA-A230-ACD09A5D341C}.Debug|Any CPU.ActiveCfg = Debug|Any CPU
		{9EED6466-9179-42AA-A230-ACD09A5D341C}.Debug|Any CPU.Build.0 = Debug|Any CPU
		{9EED6466-9179-42AA-A230-ACD09A5D341C}.Debug|ARM.ActiveCfg = Debug|Any CPU
		{9EED6466-9179-42AA-A230-ACD09A5D341C}.Debug|ARM.Build.0 = Debug|Any CPU
		{9EED6466-9179-42AA-A230-ACD09A5D341C}.Debug|x64.ActiveCfg = Debug|Any CPU
		{9EED6466-9179-42AA-A230-ACD09A5D341C}.Debug|x64.Build.0 = Debug|Any CPU
		{9EED6466-9179-42AA-A230-ACD09A5D341C}.Debug|x86.ActiveCfg = Debug|Any CPU
		{9EED6466-9179-42AA-A230-ACD09A5D341C}.Debug|x86.Build.0 = Debug|Any CPU
		{9EED6466-9179-42AA-A230-ACD09A5D341C}.Release|Any CPU.ActiveCfg = Release|Any CPU
		{9EED6466-9179-42AA-A230-ACD09A5D341C}.Release|Any CPU.Build.0 = Release|Any CPU
		{9EED6466-9179-42AA-A230-ACD09A5D341C}.Release|ARM.ActiveCfg = Release|Any CPU
		{9EED6466-9179-42AA-A230-ACD09A5D341C}.Release|ARM.Build.0 = Release|Any CPU
		{9EED6466-9179-42AA-A230-ACD09A5D341C}.Release|x64.ActiveCfg = Release|Any CPU
		{9EED6466-9179-42AA-A230-ACD09A5D341C}.Release|x64.Build.0 = Release|Any CPU
		{9EED6466-9179-42AA-A230-ACD09A5D341C}.Release|x86.ActiveCfg = Release|Any CPU
		{9EED6466-9179-42AA-A230-ACD09A5D341C}.Release|x86.Build.0 = Release|Any CPU
		{6B130BE7-4275-40F4-AC95-D065A3F78F27}.Debug|Any CPU.ActiveCfg = Debug|Any CPU
		{6B130BE7-4275-40F4-AC95-D065A3F78F27}.Debug|Any CPU.Build.0 = Debug|Any CPU
		{6B130BE7-4275-40F4-AC95-D065A3F78F27}.Debug|ARM.ActiveCfg = Debug|Any CPU
		{6B130BE7-4275-40F4-AC95-D065A3F78F27}.Debug|ARM.Build.0 = Debug|Any CPU
		{6B130BE7-4275-40F4-AC95-D065A3F78F27}.Debug|x64.ActiveCfg = Debug|Any CPU
		{6B130BE7-4275-40F4-AC95-D065A3F78F27}.Debug|x64.Build.0 = Debug|Any CPU
		{6B130BE7-4275-40F4-AC95-D065A3F78F27}.Debug|x86.ActiveCfg = Debug|Any CPU
		{6B130BE7-4275-40F4-AC95-D065A3F78F27}.Debug|x86.Build.0 = Debug|Any CPU
		{6B130BE7-4275-40F4-AC95-D065A3F78F27}.Release|Any CPU.ActiveCfg = Release|Any CPU
		{6B130BE7-4275-40F4-AC95-D065A3F78F27}.Release|Any CPU.Build.0 = Release|Any CPU
		{6B130BE7-4275-40F4-AC95-D065A3F78F27}.Release|ARM.ActiveCfg = Release|Any CPU
		{6B130BE7-4275-40F4-AC95-D065A3F78F27}.Release|ARM.Build.0 = Release|Any CPU
		{6B130BE7-4275-40F4-AC95-D065A3F78F27}.Release|x64.ActiveCfg = Release|Any CPU
		{6B130BE7-4275-40F4-AC95-D065A3F78F27}.Release|x64.Build.0 = Release|Any CPU
		{6B130BE7-4275-40F4-AC95-D065A3F78F27}.Release|x86.ActiveCfg = Release|Any CPU
		{6B130BE7-4275-40F4-AC95-D065A3F78F27}.Release|x86.Build.0 = Release|Any CPU
		{E215F732-E65F-4F98-B1FA-E346B582809E}.Debug|Any CPU.ActiveCfg = Debug|Any CPU
		{E215F732-E65F-4F98-B1FA-E346B582809E}.Debug|Any CPU.Build.0 = Debug|Any CPU
		{E215F732-E65F-4F98-B1FA-E346B582809E}.Debug|ARM.ActiveCfg = Debug|Any CPU
		{E215F732-E65F-4F98-B1FA-E346B582809E}.Debug|ARM.Build.0 = Debug|Any CPU
		{E215F732-E65F-4F98-B1FA-E346B582809E}.Debug|x64.ActiveCfg = Debug|Any CPU
		{E215F732-E65F-4F98-B1FA-E346B582809E}.Debug|x64.Build.0 = Debug|Any CPU
		{E215F732-E65F-4F98-B1FA-E346B582809E}.Debug|x86.ActiveCfg = Debug|Any CPU
		{E215F732-E65F-4F98-B1FA-E346B582809E}.Debug|x86.Build.0 = Debug|Any CPU
		{E215F732-E65F-4F98-B1FA-E346B582809E}.Release|Any CPU.ActiveCfg = Release|Any CPU
		{E215F732-E65F-4F98-B1FA-E346B582809E}.Release|Any CPU.Build.0 = Release|Any CPU
		{E215F732-E65F-4F98-B1FA-E346B582809E}.Release|ARM.ActiveCfg = Release|Any CPU
		{E215F732-E65F-4F98-B1FA-E346B582809E}.Release|ARM.Build.0 = Release|Any CPU
		{E215F732-E65F-4F98-B1FA-E346B582809E}.Release|x64.ActiveCfg = Release|Any CPU
		{E215F732-E65F-4F98-B1FA-E346B582809E}.Release|x64.Build.0 = Release|Any CPU
		{E215F732-E65F-4F98-B1FA-E346B582809E}.Release|x86.ActiveCfg = Release|Any CPU
		{E215F732-E65F-4F98-B1FA-E346B582809E}.Release|x86.Build.0 = Release|Any CPU
		{01C1B1D4-3E7B-41FD-9A15-AA44F95D1AF4}.Debug|Any CPU.ActiveCfg = Debug|Any CPU
		{01C1B1D4-3E7B-41FD-9A15-AA44F95D1AF4}.Debug|Any CPU.Build.0 = Debug|Any CPU
		{01C1B1D4-3E7B-41FD-9A15-AA44F95D1AF4}.Debug|ARM.ActiveCfg = Debug|Any CPU
		{01C1B1D4-3E7B-41FD-9A15-AA44F95D1AF4}.Debug|ARM.Build.0 = Debug|Any CPU
		{01C1B1D4-3E7B-41FD-9A15-AA44F95D1AF4}.Debug|x64.ActiveCfg = Debug|Any CPU
		{01C1B1D4-3E7B-41FD-9A15-AA44F95D1AF4}.Debug|x64.Build.0 = Debug|Any CPU
		{01C1B1D4-3E7B-41FD-9A15-AA44F95D1AF4}.Debug|x86.ActiveCfg = Debug|Any CPU
		{01C1B1D4-3E7B-41FD-9A15-AA44F95D1AF4}.Debug|x86.Build.0 = Debug|Any CPU
		{01C1B1D4-3E7B-41FD-9A15-AA44F95D1AF4}.Release|Any CPU.ActiveCfg = Release|Any CPU
		{01C1B1D4-3E7B-41FD-9A15-AA44F95D1AF4}.Release|Any CPU.Build.0 = Release|Any CPU
		{01C1B1D4-3E7B-41FD-9A15-AA44F95D1AF4}.Release|ARM.ActiveCfg = Release|Any CPU
		{01C1B1D4-3E7B-41FD-9A15-AA44F95D1AF4}.Release|ARM.Build.0 = Release|Any CPU
		{01C1B1D4-3E7B-41FD-9A15-AA44F95D1AF4}.Release|x64.ActiveCfg = Release|Any CPU
		{01C1B1D4-3E7B-41FD-9A15-AA44F95D1AF4}.Release|x64.Build.0 = Release|Any CPU
		{01C1B1D4-3E7B-41FD-9A15-AA44F95D1AF4}.Release|x86.ActiveCfg = Release|Any CPU
		{01C1B1D4-3E7B-41FD-9A15-AA44F95D1AF4}.Release|x86.Build.0 = Release|Any CPU
		{2B5E60C7-90BC-4A30-A583-214F632FD494}.Debug|Any CPU.ActiveCfg = Debug|Any CPU
		{2B5E60C7-90BC-4A30-A583-214F632FD494}.Debug|Any CPU.Build.0 = Debug|Any CPU
		{2B5E60C7-90BC-4A30-A583-214F632FD494}.Debug|ARM.ActiveCfg = Debug|Any CPU
		{2B5E60C7-90BC-4A30-A583-214F632FD494}.Debug|ARM.Build.0 = Debug|Any CPU
		{2B5E60C7-90BC-4A30-A583-214F632FD494}.Debug|x64.ActiveCfg = Debug|Any CPU
		{2B5E60C7-90BC-4A30-A583-214F632FD494}.Debug|x64.Build.0 = Debug|Any CPU
		{2B5E60C7-90BC-4A30-A583-214F632FD494}.Debug|x86.ActiveCfg = Debug|Any CPU
		{2B5E60C7-90BC-4A30-A583-214F632FD494}.Debug|x86.Build.0 = Debug|Any CPU
		{2B5E60C7-90BC-4A30-A583-214F632FD494}.Release|Any CPU.ActiveCfg = Release|Any CPU
		{2B5E60C7-90BC-4A30-A583-214F632FD494}.Release|Any CPU.Build.0 = Release|Any CPU
		{2B5E60C7-90BC-4A30-A583-214F632FD494}.Release|ARM.ActiveCfg = Release|Any CPU
		{2B5E60C7-90BC-4A30-A583-214F632FD494}.Release|ARM.Build.0 = Release|Any CPU
		{2B5E60C7-90BC-4A30-A583-214F632FD494}.Release|x64.ActiveCfg = Release|Any CPU
		{2B5E60C7-90BC-4A30-A583-214F632FD494}.Release|x64.Build.0 = Release|Any CPU
		{2B5E60C7-90BC-4A30-A583-214F632FD494}.Release|x86.ActiveCfg = Release|Any CPU
		{2B5E60C7-90BC-4A30-A583-214F632FD494}.Release|x86.Build.0 = Release|Any CPU
		{C1116F47-14D0-4B1C-BA13-BDB7F0B7E198}.Debug|Any CPU.ActiveCfg = Debug|Any CPU
		{C1116F47-14D0-4B1C-BA13-BDB7F0B7E198}.Debug|Any CPU.Build.0 = Debug|Any CPU
		{C1116F47-14D0-4B1C-BA13-BDB7F0B7E198}.Debug|ARM.ActiveCfg = Debug|Any CPU
		{C1116F47-14D0-4B1C-BA13-BDB7F0B7E198}.Debug|ARM.Build.0 = Debug|Any CPU
		{C1116F47-14D0-4B1C-BA13-BDB7F0B7E198}.Debug|x64.ActiveCfg = Debug|Any CPU
		{C1116F47-14D0-4B1C-BA13-BDB7F0B7E198}.Debug|x64.Build.0 = Debug|Any CPU
		{C1116F47-14D0-4B1C-BA13-BDB7F0B7E198}.Debug|x86.ActiveCfg = Debug|Any CPU
		{C1116F47-14D0-4B1C-BA13-BDB7F0B7E198}.Debug|x86.Build.0 = Debug|Any CPU
		{C1116F47-14D0-4B1C-BA13-BDB7F0B7E198}.Release|Any CPU.ActiveCfg = Release|Any CPU
		{C1116F47-14D0-4B1C-BA13-BDB7F0B7E198}.Release|Any CPU.Build.0 = Release|Any CPU
		{C1116F47-14D0-4B1C-BA13-BDB7F0B7E198}.Release|ARM.ActiveCfg = Release|Any CPU
		{C1116F47-14D0-4B1C-BA13-BDB7F0B7E198}.Release|ARM.Build.0 = Release|Any CPU
		{C1116F47-14D0-4B1C-BA13-BDB7F0B7E198}.Release|x64.ActiveCfg = Release|Any CPU
		{C1116F47-14D0-4B1C-BA13-BDB7F0B7E198}.Release|x64.Build.0 = Release|Any CPU
		{C1116F47-14D0-4B1C-BA13-BDB7F0B7E198}.Release|x86.ActiveCfg = Release|Any CPU
		{C1116F47-14D0-4B1C-BA13-BDB7F0B7E198}.Release|x86.Build.0 = Release|Any CPU
		{9629277F-2EE9-4BE4-BF1A-4F0A09D7AAEB}.Debug|Any CPU.ActiveCfg = Debug|Any CPU
		{9629277F-2EE9-4BE4-BF1A-4F0A09D7AAEB}.Debug|Any CPU.Build.0 = Debug|Any CPU
		{9629277F-2EE9-4BE4-BF1A-4F0A09D7AAEB}.Debug|ARM.ActiveCfg = Debug|Any CPU
		{9629277F-2EE9-4BE4-BF1A-4F0A09D7AAEB}.Debug|ARM.Build.0 = Debug|Any CPU
		{9629277F-2EE9-4BE4-BF1A-4F0A09D7AAEB}.Debug|x64.ActiveCfg = Debug|Any CPU
		{9629277F-2EE9-4BE4-BF1A-4F0A09D7AAEB}.Debug|x64.Build.0 = Debug|Any CPU
		{9629277F-2EE9-4BE4-BF1A-4F0A09D7AAEB}.Debug|x86.ActiveCfg = Debug|Any CPU
		{9629277F-2EE9-4BE4-BF1A-4F0A09D7AAEB}.Debug|x86.Build.0 = Debug|Any CPU
		{9629277F-2EE9-4BE4-BF1A-4F0A09D7AAEB}.Release|Any CPU.ActiveCfg = Release|Any CPU
		{9629277F-2EE9-4BE4-BF1A-4F0A09D7AAEB}.Release|Any CPU.Build.0 = Release|Any CPU
		{9629277F-2EE9-4BE4-BF1A-4F0A09D7AAEB}.Release|ARM.ActiveCfg = Release|Any CPU
		{9629277F-2EE9-4BE4-BF1A-4F0A09D7AAEB}.Release|ARM.Build.0 = Release|Any CPU
		{9629277F-2EE9-4BE4-BF1A-4F0A09D7AAEB}.Release|x64.ActiveCfg = Release|Any CPU
		{9629277F-2EE9-4BE4-BF1A-4F0A09D7AAEB}.Release|x64.Build.0 = Release|Any CPU
		{9629277F-2EE9-4BE4-BF1A-4F0A09D7AAEB}.Release|x86.ActiveCfg = Release|Any CPU
		{9629277F-2EE9-4BE4-BF1A-4F0A09D7AAEB}.Release|x86.Build.0 = Release|Any CPU
		{B95DA3FD-2A9A-4545-B0AB-23F5D6FE7BE0}.Debug|Any CPU.ActiveCfg = Debug|Any CPU
		{B95DA3FD-2A9A-4545-B0AB-23F5D6FE7BE0}.Debug|Any CPU.Build.0 = Debug|Any CPU
		{B95DA3FD-2A9A-4545-B0AB-23F5D6FE7BE0}.Debug|ARM.ActiveCfg = Debug|Any CPU
		{B95DA3FD-2A9A-4545-B0AB-23F5D6FE7BE0}.Debug|ARM.Build.0 = Debug|Any CPU
		{B95DA3FD-2A9A-4545-B0AB-23F5D6FE7BE0}.Debug|x64.ActiveCfg = Debug|Any CPU
		{B95DA3FD-2A9A-4545-B0AB-23F5D6FE7BE0}.Debug|x64.Build.0 = Debug|Any CPU
		{B95DA3FD-2A9A-4545-B0AB-23F5D6FE7BE0}.Debug|x86.ActiveCfg = Debug|Any CPU
		{B95DA3FD-2A9A-4545-B0AB-23F5D6FE7BE0}.Debug|x86.Build.0 = Debug|Any CPU
		{B95DA3FD-2A9A-4545-B0AB-23F5D6FE7BE0}.Release|Any CPU.ActiveCfg = Release|Any CPU
		{B95DA3FD-2A9A-4545-B0AB-23F5D6FE7BE0}.Release|Any CPU.Build.0 = Release|Any CPU
		{B95DA3FD-2A9A-4545-B0AB-23F5D6FE7BE0}.Release|ARM.ActiveCfg = Release|Any CPU
		{B95DA3FD-2A9A-4545-B0AB-23F5D6FE7BE0}.Release|ARM.Build.0 = Release|Any CPU
		{B95DA3FD-2A9A-4545-B0AB-23F5D6FE7BE0}.Release|x64.ActiveCfg = Release|Any CPU
		{B95DA3FD-2A9A-4545-B0AB-23F5D6FE7BE0}.Release|x64.Build.0 = Release|Any CPU
		{B95DA3FD-2A9A-4545-B0AB-23F5D6FE7BE0}.Release|x86.ActiveCfg = Release|Any CPU
		{B95DA3FD-2A9A-4545-B0AB-23F5D6FE7BE0}.Release|x86.Build.0 = Release|Any CPU
		{3E06C465-0035-4F92-A217-9A8862267B5A}.Debug|Any CPU.ActiveCfg = Debug|Any CPU
		{3E06C465-0035-4F92-A217-9A8862267B5A}.Debug|Any CPU.Build.0 = Debug|Any CPU
		{3E06C465-0035-4F92-A217-9A8862267B5A}.Debug|ARM.ActiveCfg = Debug|Any CPU
		{3E06C465-0035-4F92-A217-9A8862267B5A}.Debug|ARM.Build.0 = Debug|Any CPU
		{3E06C465-0035-4F92-A217-9A8862267B5A}.Debug|x64.ActiveCfg = Debug|Any CPU
		{3E06C465-0035-4F92-A217-9A8862267B5A}.Debug|x64.Build.0 = Debug|Any CPU
		{3E06C465-0035-4F92-A217-9A8862267B5A}.Debug|x86.ActiveCfg = Debug|Any CPU
		{3E06C465-0035-4F92-A217-9A8862267B5A}.Debug|x86.Build.0 = Debug|Any CPU
		{3E06C465-0035-4F92-A217-9A8862267B5A}.Release|Any CPU.ActiveCfg = Release|Any CPU
		{3E06C465-0035-4F92-A217-9A8862267B5A}.Release|Any CPU.Build.0 = Release|Any CPU
		{3E06C465-0035-4F92-A217-9A8862267B5A}.Release|ARM.ActiveCfg = Release|Any CPU
		{3E06C465-0035-4F92-A217-9A8862267B5A}.Release|ARM.Build.0 = Release|Any CPU
		{3E06C465-0035-4F92-A217-9A8862267B5A}.Release|x64.ActiveCfg = Release|Any CPU
		{3E06C465-0035-4F92-A217-9A8862267B5A}.Release|x64.Build.0 = Release|Any CPU
		{3E06C465-0035-4F92-A217-9A8862267B5A}.Release|x86.ActiveCfg = Release|Any CPU
		{3E06C465-0035-4F92-A217-9A8862267B5A}.Release|x86.Build.0 = Release|Any CPU
	EndGlobalSection
	GlobalSection(SolutionProperties) = preSolution
		HideSolutionNode = FALSE
	EndGlobalSection
	GlobalSection(NestedProjects) = preSolution
		{6B130BE7-4275-40F4-AC95-D065A3F78F27} = {4918A699-E244-41C4-9EA7-3CFD86856588}
		{2B5E60C7-90BC-4A30-A583-214F632FD494} = {CEB218FE-4BD1-4C10-9AAF-1AF2697ADDBA}
		{C1116F47-14D0-4B1C-BA13-BDB7F0B7E198} = {CEB218FE-4BD1-4C10-9AAF-1AF2697ADDBA}
		{9629277F-2EE9-4BE4-BF1A-4F0A09D7AAEB} = {CEB218FE-4BD1-4C10-9AAF-1AF2697ADDBA}
		{B95DA3FD-2A9A-4545-B0AB-23F5D6FE7BE0} = {CEB218FE-4BD1-4C10-9AAF-1AF2697ADDBA}
		{3E06C465-0035-4F92-A217-9A8862267B5A} = {CEB218FE-4BD1-4C10-9AAF-1AF2697ADDBA}
	EndGlobalSection
	GlobalSection(ExtensibilityGlobals) = postSolution
		SolutionGuid = {2D3D7AAF-758C-459D-889B-46BFFA173E42}
	EndGlobalSection
	GlobalSection(Performance) = preSolution
		HasPerformanceSessions = true
	EndGlobalSection
	GlobalSection(Performance) = preSolution
		HasPerformanceSessions = true
	EndGlobalSection
	GlobalSection(Performance) = preSolution
		HasPerformanceSessions = true
	EndGlobalSection
	GlobalSection(Performance) = preSolution
		HasPerformanceSessions = true
	EndGlobalSection
	GlobalSection(Performance) = preSolution
		HasPerformanceSessions = true
	EndGlobalSection
EndGlobal
