
Microsoft Visual Studio Solution File, Format Version 12.00
# Visual Studio 15
VisualStudioVersion = 15.0.26711.1
MinimumVisualStudioVersion = 10.0.40219.1
Project("{9A19103F-16F7-4668-BE54-9A1E7A4F7556}") = "NitroSharp.NsScript", "src\NitroSharp.NsScript\NitroSharp.NsScript.csproj", "{D141E5DC-81DB-4352-8BAE-E3772BDC23DE}"
EndProject
Project("{9A19103F-16F7-4668-BE54-9A1E7A4F7556}") = "NitroSharp.NsScript.Tests", "src\NitroSharp.NsScript.Tests\NitroSharp.NsScript.Tests.csproj", "{EC39394D-3A99-4EBB-83F3-9D800A8D4BCC}"
EndProject
Project("{9A19103F-16F7-4668-BE54-9A1E7A4F7556}") = "NitroSharp.Engine", "src\NitroSharp.Engine\NitroSharp.Engine.csproj", "{D5D100EF-CB4E-4DE2-B20F-D5D85091DD52}"
EndProject
Project("{9A19103F-16F7-4668-BE54-9A1E7A4F7556}") = "NitroSharp.Foundation", "src\NitroSharp.Foundation\NitroSharp.Foundation.csproj", "{6E5187F9-61C7-4CDC-BCA2-4379A20B0E6C}"
EndProject
Project("{FAE04EC0-301F-11D3-BF4B-00C04F79EFBC}") = "CowsHead.NetFx", "src\CowsHead\CowsHead.NetFx\CowsHead.NetFx.csproj", "{8236EDEA-E0E1-4AC8-A99A-69DA61848CBB}"
EndProject
Project("{2150E333-8FDC-42A3-9474-1A3956D46DE8}") = "CowsHead", "CowsHead", "{8F76F37E-7707-4818-97DB-A9396EE79142}"
EndProject
Project("{D954291E-2A0B-460D-934E-DC6B0785DB48}") = "CowsHead.Shared", "src\CowsHead\CowsHead.Shared\CowsHead.Shared.shproj", "{3DF08AD5-767D-42F4-BABA-C5BDB1A15A32}"
EndProject
Project("{9A19103F-16F7-4668-BE54-9A1E7A4F7556}") = "CowsHead.NetCore", "src\CowsHead\CowsHead.NetCore\CowsHead.NetCore.csproj", "{E922F862-2B81-4DE0-B2BF-77738FF5D49E}"
EndProject
Global
	GlobalSection(Performance) = preSolution
		HasPerformanceSessions = true
	EndGlobalSection
	GlobalSection(SharedMSBuildProjectFiles) = preSolution
		src\CowsHead\CowsHead.Shared\CowsHead.Shared.projitems*{3df08ad5-767d-42f4-baba-c5bdb1a15a32}*SharedItemsImports = 13
		src\CowsHead\CowsHead.Shared\CowsHead.Shared.projitems*{8236edea-e0e1-4ac8-a99a-69da61848cbb}*SharedItemsImports = 4
	EndGlobalSection
	GlobalSection(SolutionConfigurationPlatforms) = preSolution
		Debug|Any CPU = Debug|Any CPU
		Debug|ARM = Debug|ARM
		Debug|x64 = Debug|x64
		Debug|x86 = Debug|x86
		Release|Any CPU = Release|Any CPU
		Release|ARM = Release|ARM
		Release|x64 = Release|x64
		Release|x86 = Release|x86
	EndGlobalSection
	GlobalSection(ProjectConfigurationPlatforms) = postSolution
		{D141E5DC-81DB-4352-8BAE-E3772BDC23DE}.Debug|Any CPU.ActiveCfg = Debug|Any CPU
		{D141E5DC-81DB-4352-8BAE-E3772BDC23DE}.Debug|Any CPU.Build.0 = Debug|Any CPU
		{D141E5DC-81DB-4352-8BAE-E3772BDC23DE}.Debug|ARM.ActiveCfg = Debug|Any CPU
		{D141E5DC-81DB-4352-8BAE-E3772BDC23DE}.Debug|ARM.Build.0 = Debug|Any CPU
		{D141E5DC-81DB-4352-8BAE-E3772BDC23DE}.Debug|x64.ActiveCfg = Debug|Any CPU
		{D141E5DC-81DB-4352-8BAE-E3772BDC23DE}.Debug|x64.Build.0 = Debug|Any CPU
		{D141E5DC-81DB-4352-8BAE-E3772BDC23DE}.Debug|x86.ActiveCfg = Debug|Any CPU
		{D141E5DC-81DB-4352-8BAE-E3772BDC23DE}.Debug|x86.Build.0 = Debug|Any CPU
		{D141E5DC-81DB-4352-8BAE-E3772BDC23DE}.Release|Any CPU.ActiveCfg = Release|Any CPU
		{D141E5DC-81DB-4352-8BAE-E3772BDC23DE}.Release|Any CPU.Build.0 = Release|Any CPU
		{D141E5DC-81DB-4352-8BAE-E3772BDC23DE}.Release|ARM.ActiveCfg = Release|Any CPU
		{D141E5DC-81DB-4352-8BAE-E3772BDC23DE}.Release|ARM.Build.0 = Release|Any CPU
		{D141E5DC-81DB-4352-8BAE-E3772BDC23DE}.Release|x64.ActiveCfg = Release|Any CPU
		{D141E5DC-81DB-4352-8BAE-E3772BDC23DE}.Release|x64.Build.0 = Release|Any CPU
		{D141E5DC-81DB-4352-8BAE-E3772BDC23DE}.Release|x86.ActiveCfg = Release|Any CPU
		{D141E5DC-81DB-4352-8BAE-E3772BDC23DE}.Release|x86.Build.0 = Release|Any CPU
		{EC39394D-3A99-4EBB-83F3-9D800A8D4BCC}.Debug|Any CPU.ActiveCfg = Debug|Any CPU
		{EC39394D-3A99-4EBB-83F3-9D800A8D4BCC}.Debug|Any CPU.Build.0 = Debug|Any CPU
		{EC39394D-3A99-4EBB-83F3-9D800A8D4BCC}.Debug|ARM.ActiveCfg = Debug|Any CPU
		{EC39394D-3A99-4EBB-83F3-9D800A8D4BCC}.Debug|ARM.Build.0 = Debug|Any CPU
		{EC39394D-3A99-4EBB-83F3-9D800A8D4BCC}.Debug|x64.ActiveCfg = Debug|Any CPU
		{EC39394D-3A99-4EBB-83F3-9D800A8D4BCC}.Debug|x64.Build.0 = Debug|Any CPU
		{EC39394D-3A99-4EBB-83F3-9D800A8D4BCC}.Debug|x86.ActiveCfg = Debug|Any CPU
		{EC39394D-3A99-4EBB-83F3-9D800A8D4BCC}.Debug|x86.Build.0 = Debug|Any CPU
		{EC39394D-3A99-4EBB-83F3-9D800A8D4BCC}.Release|Any CPU.ActiveCfg = Release|Any CPU
		{EC39394D-3A99-4EBB-83F3-9D800A8D4BCC}.Release|Any CPU.Build.0 = Release|Any CPU
		{EC39394D-3A99-4EBB-83F3-9D800A8D4BCC}.Release|ARM.ActiveCfg = Release|Any CPU
		{EC39394D-3A99-4EBB-83F3-9D800A8D4BCC}.Release|ARM.Build.0 = Release|Any CPU
		{EC39394D-3A99-4EBB-83F3-9D800A8D4BCC}.Release|x64.ActiveCfg = Release|Any CPU
		{EC39394D-3A99-4EBB-83F3-9D800A8D4BCC}.Release|x64.Build.0 = Release|Any CPU
		{EC39394D-3A99-4EBB-83F3-9D800A8D4BCC}.Release|x86.ActiveCfg = Release|Any CPU
		{EC39394D-3A99-4EBB-83F3-9D800A8D4BCC}.Release|x86.Build.0 = Release|Any CPU
		{D5D100EF-CB4E-4DE2-B20F-D5D85091DD52}.Debug|Any CPU.ActiveCfg = Debug|Any CPU
		{D5D100EF-CB4E-4DE2-B20F-D5D85091DD52}.Debug|Any CPU.Build.0 = Debug|Any CPU
		{D5D100EF-CB4E-4DE2-B20F-D5D85091DD52}.Debug|ARM.ActiveCfg = Debug|Any CPU
		{D5D100EF-CB4E-4DE2-B20F-D5D85091DD52}.Debug|ARM.Build.0 = Debug|Any CPU
		{D5D100EF-CB4E-4DE2-B20F-D5D85091DD52}.Debug|x64.ActiveCfg = Debug|Any CPU
		{D5D100EF-CB4E-4DE2-B20F-D5D85091DD52}.Debug|x64.Build.0 = Debug|Any CPU
		{D5D100EF-CB4E-4DE2-B20F-D5D85091DD52}.Debug|x86.ActiveCfg = Debug|Any CPU
		{D5D100EF-CB4E-4DE2-B20F-D5D85091DD52}.Debug|x86.Build.0 = Debug|Any CPU
		{D5D100EF-CB4E-4DE2-B20F-D5D85091DD52}.Release|Any CPU.ActiveCfg = Release|Any CPU
		{D5D100EF-CB4E-4DE2-B20F-D5D85091DD52}.Release|Any CPU.Build.0 = Release|Any CPU
		{D5D100EF-CB4E-4DE2-B20F-D5D85091DD52}.Release|ARM.ActiveCfg = Release|Any CPU
		{D5D100EF-CB4E-4DE2-B20F-D5D85091DD52}.Release|ARM.Build.0 = Release|Any CPU
		{D5D100EF-CB4E-4DE2-B20F-D5D85091DD52}.Release|x64.ActiveCfg = Release|Any CPU
		{D5D100EF-CB4E-4DE2-B20F-D5D85091DD52}.Release|x64.Build.0 = Release|Any CPU
		{D5D100EF-CB4E-4DE2-B20F-D5D85091DD52}.Release|x86.ActiveCfg = Release|Any CPU
		{D5D100EF-CB4E-4DE2-B20F-D5D85091DD52}.Release|x86.Build.0 = Release|Any CPU
		{6E5187F9-61C7-4CDC-BCA2-4379A20B0E6C}.Debug|Any CPU.ActiveCfg = Debug|Any CPU
		{6E5187F9-61C7-4CDC-BCA2-4379A20B0E6C}.Debug|Any CPU.Build.0 = Debug|Any CPU
		{6E5187F9-61C7-4CDC-BCA2-4379A20B0E6C}.Debug|ARM.ActiveCfg = Debug|Any CPU
		{6E5187F9-61C7-4CDC-BCA2-4379A20B0E6C}.Debug|ARM.Build.0 = Debug|Any CPU
		{6E5187F9-61C7-4CDC-BCA2-4379A20B0E6C}.Debug|x64.ActiveCfg = Debug|Any CPU
		{6E5187F9-61C7-4CDC-BCA2-4379A20B0E6C}.Debug|x64.Build.0 = Debug|Any CPU
		{6E5187F9-61C7-4CDC-BCA2-4379A20B0E6C}.Debug|x86.ActiveCfg = Debug|Any CPU
		{6E5187F9-61C7-4CDC-BCA2-4379A20B0E6C}.Debug|x86.Build.0 = Debug|Any CPU
		{6E5187F9-61C7-4CDC-BCA2-4379A20B0E6C}.Release|Any CPU.ActiveCfg = Release|Any CPU
		{6E5187F9-61C7-4CDC-BCA2-4379A20B0E6C}.Release|Any CPU.Build.0 = Release|Any CPU
		{6E5187F9-61C7-4CDC-BCA2-4379A20B0E6C}.Release|ARM.ActiveCfg = Release|Any CPU
		{6E5187F9-61C7-4CDC-BCA2-4379A20B0E6C}.Release|ARM.Build.0 = Release|Any CPU
		{6E5187F9-61C7-4CDC-BCA2-4379A20B0E6C}.Release|x64.ActiveCfg = Release|Any CPU
		{6E5187F9-61C7-4CDC-BCA2-4379A20B0E6C}.Release|x64.Build.0 = Release|Any CPU
		{6E5187F9-61C7-4CDC-BCA2-4379A20B0E6C}.Release|x86.ActiveCfg = Release|Any CPU
		{6E5187F9-61C7-4CDC-BCA2-4379A20B0E6C}.Release|x86.Build.0 = Release|Any CPU
		{8236EDEA-E0E1-4AC8-A99A-69DA61848CBB}.Debug|Any CPU.ActiveCfg = Debug|Any CPU
		{8236EDEA-E0E1-4AC8-A99A-69DA61848CBB}.Debug|Any CPU.Build.0 = Debug|Any CPU
		{8236EDEA-E0E1-4AC8-A99A-69DA61848CBB}.Debug|ARM.ActiveCfg = Debug|Any CPU
		{8236EDEA-E0E1-4AC8-A99A-69DA61848CBB}.Debug|ARM.Build.0 = Debug|Any CPU
		{8236EDEA-E0E1-4AC8-A99A-69DA61848CBB}.Debug|x64.ActiveCfg = Debug|Any CPU
		{8236EDEA-E0E1-4AC8-A99A-69DA61848CBB}.Debug|x64.Build.0 = Debug|Any CPU
		{8236EDEA-E0E1-4AC8-A99A-69DA61848CBB}.Debug|x86.ActiveCfg = Debug|Any CPU
		{8236EDEA-E0E1-4AC8-A99A-69DA61848CBB}.Debug|x86.Build.0 = Debug|Any CPU
		{8236EDEA-E0E1-4AC8-A99A-69DA61848CBB}.Release|Any CPU.ActiveCfg = Release|Any CPU
		{8236EDEA-E0E1-4AC8-A99A-69DA61848CBB}.Release|Any CPU.Build.0 = Release|Any CPU
		{8236EDEA-E0E1-4AC8-A99A-69DA61848CBB}.Release|ARM.ActiveCfg = Release|Any CPU
		{8236EDEA-E0E1-4AC8-A99A-69DA61848CBB}.Release|ARM.Build.0 = Release|Any CPU
		{8236EDEA-E0E1-4AC8-A99A-69DA61848CBB}.Release|x64.ActiveCfg = Release|Any CPU
		{8236EDEA-E0E1-4AC8-A99A-69DA61848CBB}.Release|x64.Build.0 = Release|Any CPU
		{8236EDEA-E0E1-4AC8-A99A-69DA61848CBB}.Release|x86.ActiveCfg = Release|Any CPU
		{8236EDEA-E0E1-4AC8-A99A-69DA61848CBB}.Release|x86.Build.0 = Release|Any CPU
		{E922F862-2B81-4DE0-B2BF-77738FF5D49E}.Debug|Any CPU.ActiveCfg = Debug|Any CPU
		{E922F862-2B81-4DE0-B2BF-77738FF5D49E}.Debug|Any CPU.Build.0 = Debug|Any CPU
		{E922F862-2B81-4DE0-B2BF-77738FF5D49E}.Debug|ARM.ActiveCfg = Debug|Any CPU
		{E922F862-2B81-4DE0-B2BF-77738FF5D49E}.Debug|ARM.Build.0 = Debug|Any CPU
		{E922F862-2B81-4DE0-B2BF-77738FF5D49E}.Debug|x64.ActiveCfg = Debug|Any CPU
		{E922F862-2B81-4DE0-B2BF-77738FF5D49E}.Debug|x64.Build.0 = Debug|Any CPU
		{E922F862-2B81-4DE0-B2BF-77738FF5D49E}.Debug|x86.ActiveCfg = Debug|Any CPU
		{E922F862-2B81-4DE0-B2BF-77738FF5D49E}.Debug|x86.Build.0 = Debug|Any CPU
		{E922F862-2B81-4DE0-B2BF-77738FF5D49E}.Release|Any CPU.ActiveCfg = Release|Any CPU
		{E922F862-2B81-4DE0-B2BF-77738FF5D49E}.Release|Any CPU.Build.0 = Release|Any CPU
		{E922F862-2B81-4DE0-B2BF-77738FF5D49E}.Release|ARM.ActiveCfg = Release|Any CPU
		{E922F862-2B81-4DE0-B2BF-77738FF5D49E}.Release|ARM.Build.0 = Release|Any CPU
		{E922F862-2B81-4DE0-B2BF-77738FF5D49E}.Release|x64.ActiveCfg = Release|Any CPU
		{E922F862-2B81-4DE0-B2BF-77738FF5D49E}.Release|x64.Build.0 = Release|Any CPU
		{E922F862-2B81-4DE0-B2BF-77738FF5D49E}.Release|x86.ActiveCfg = Release|Any CPU
		{E922F862-2B81-4DE0-B2BF-77738FF5D49E}.Release|x86.Build.0 = Release|Any CPU
	EndGlobalSection
	GlobalSection(SolutionProperties) = preSolution
		HideSolutionNode = FALSE
	EndGlobalSection
	GlobalSection(NestedProjects) = preSolution
		{8236EDEA-E0E1-4AC8-A99A-69DA61848CBB} = {8F76F37E-7707-4818-97DB-A9396EE79142}
		{3DF08AD5-767D-42F4-BABA-C5BDB1A15A32} = {8F76F37E-7707-4818-97DB-A9396EE79142}
		{E922F862-2B81-4DE0-B2BF-77738FF5D49E} = {8F76F37E-7707-4818-97DB-A9396EE79142}
	EndGlobalSection
	GlobalSection(ExtensibilityGlobals) = postSolution
		SolutionGuid = {2D3D7AAF-758C-459D-889B-46BFFA173E42}
	EndGlobalSection
	GlobalSection(Performance) = preSolution
		HasPerformanceSessions = true
	EndGlobalSection
	GlobalSection(Performance) = preSolution
		HasPerformanceSessions = true
	EndGlobalSection
	GlobalSection(Performance) = preSolution
		HasPerformanceSessions = true
	EndGlobalSection
	GlobalSection(Performance) = preSolution
		HasPerformanceSessions = true
	EndGlobalSection
EndGlobal
