
Microsoft Visual Studio Solution File, Format Version 12.00
# Visual Studio 15
VisualStudioVersion = 15.0.26730.3
MinimumVisualStudioVersion = 10.0.40219.1
Project("{9A19103F-16F7-4668-BE54-9A1E7A4F7556}") = "NitroSharp.NsScript", "src\NitroSharp.NsScript\NitroSharp.NsScript.csproj", "{D141E5DC-81DB-4352-8BAE-E3772BDC23DE}"
EndProject
Project("{9A19103F-16F7-4668-BE54-9A1E7A4F7556}") = "NitroSharp.NsScript.Tests", "src\NitroSharp.NsScript.Tests\NitroSharp.NsScript.Tests.csproj", "{EC39394D-3A99-4EBB-83F3-9D800A8D4BCC}"
EndProject
Project("{9A19103F-16F7-4668-BE54-9A1E7A4F7556}") = "NitroSharp.Engine", "src\NitroSharp.Engine\NitroSharp.Engine.csproj", "{D5D100EF-CB4E-4DE2-B20F-D5D85091DD52}"
EndProject
Project("{9A19103F-16F7-4668-BE54-9A1E7A4F7556}") = "NitroSharp.Foundation", "src\NitroSharp.Foundation\NitroSharp.Foundation.csproj", "{6E5187F9-61C7-4CDC-BCA2-4379A20B0E6C}"
EndProject
Project("{9A19103F-16F7-4668-BE54-9A1E7A4F7556}") = "NitroSharp.Launcher", "src\Nitrosharp.Launcher\NitroSharp.Launcher.csproj", "{9EED6466-9179-42AA-A230-ACD09A5D341C}"
EndProject
Project("{2150E333-8FDC-42A3-9474-1A3956D46DE8}") = "Games", "Games", "{4918A699-E244-41C4-9EA7-3CFD86856588}"
EndProject
Project("{9A19103F-16F7-4668-BE54-9A1E7A4F7556}") = "CowsHead", "src\Games\CowsHead\CowsHead.csproj", "{6B130BE7-4275-40F4-AC95-D065A3F78F27}"
EndProject
Global
	GlobalSection(SolutionConfigurationPlatforms) = preSolution
		Debug|Any CPU = Debug|Any CPU
		Debug|ARM = Debug|ARM
		Debug|x64 = Debug|x64
		Debug|x86 = Debug|x86
		Release|Any CPU = Release|Any CPU
		Release|ARM = Release|ARM
		Release|x64 = Release|x64
		Release|x86 = Release|x86
	EndGlobalSection
	GlobalSection(ProjectConfigurationPlatforms) = postSolution
		{D141E5DC-81DB-4352-8BAE-E3772BDC23DE}.Debug|Any CPU.ActiveCfg = Debug|Any CPU
		{D141E5DC-81DB-4352-8BAE-E3772BDC23DE}.Debug|Any CPU.Build.0 = Debug|Any CPU
		{D141E5DC-81DB-4352-8BAE-E3772BDC23DE}.Debug|ARM.ActiveCfg = Debug|Any CPU
		{D141E5DC-81DB-4352-8BAE-E3772BDC23DE}.Debug|ARM.Build.0 = Debug|Any CPU
		{D141E5DC-81DB-4352-8BAE-E3772BDC23DE}.Debug|x64.ActiveCfg = Debug|Any CPU
		{D141E5DC-81DB-4352-8BAE-E3772BDC23DE}.Debug|x64.Build.0 = Debug|Any CPU
		{D141E5DC-81DB-4352-8BAE-E3772BDC23DE}.Debug|x86.ActiveCfg = Debug|Any CPU
		{D141E5DC-81DB-4352-8BAE-E3772BDC23DE}.Debug|x86.Build.0 = Debug|Any CPU
		{D141E5DC-81DB-4352-8BAE-E3772BDC23DE}.Release|Any CPU.ActiveCfg = Release|Any CPU
		{D141E5DC-81DB-4352-8BAE-E3772BDC23DE}.Release|Any CPU.Build.0 = Release|Any CPU
		{D141E5DC-81DB-4352-8BAE-E3772BDC23DE}.Release|ARM.ActiveCfg = Release|Any CPU
		{D141E5DC-81DB-4352-8BAE-E3772BDC23DE}.Release|ARM.Build.0 = Release|Any CPU
		{D141E5DC-81DB-4352-8BAE-E3772BDC23DE}.Release|x64.ActiveCfg = Release|Any CPU
		{D141E5DC-81DB-4352-8BAE-E3772BDC23DE}.Release|x64.Build.0 = Release|Any CPU
		{D141E5DC-81DB-4352-8BAE-E3772BDC23DE}.Release|x86.ActiveCfg = Release|Any CPU
		{D141E5DC-81DB-4352-8BAE-E3772BDC23DE}.Release|x86.Build.0 = Release|Any CPU
		{EC39394D-3A99-4EBB-83F3-9D800A8D4BCC}.Debug|Any CPU.ActiveCfg = Debug|Any CPU
		{EC39394D-3A99-4EBB-83F3-9D800A8D4BCC}.Debug|Any CPU.Build.0 = Debug|Any CPU
		{EC39394D-3A99-4EBB-83F3-9D800A8D4BCC}.Debug|ARM.ActiveCfg = Debug|Any CPU
		{EC39394D-3A99-4EBB-83F3-9D800A8D4BCC}.Debug|ARM.Build.0 = Debug|Any CPU
		{EC39394D-3A99-4EBB-83F3-9D800A8D4BCC}.Debug|x64.ActiveCfg = Debug|Any CPU
		{EC39394D-3A99-4EBB-83F3-9D800A8D4BCC}.Debug|x64.Build.0 = Debug|Any CPU
		{EC39394D-3A99-4EBB-83F3-9D800A8D4BCC}.Debug|x86.ActiveCfg = Debug|Any CPU
		{EC39394D-3A99-4EBB-83F3-9D800A8D4BCC}.Debug|x86.Build.0 = Debug|Any CPU
		{EC39394D-3A99-4EBB-83F3-9D800A8D4BCC}.Release|Any CPU.ActiveCfg = Release|Any CPU
		{EC39394D-3A99-4EBB-83F3-9D800A8D4BCC}.Release|Any CPU.Build.0 = Release|Any CPU
		{EC39394D-3A99-4EBB-83F3-9D800A8D4BCC}.Release|ARM.ActiveCfg = Release|Any CPU
		{EC39394D-3A99-4EBB-83F3-9D800A8D4BCC}.Release|ARM.Build.0 = Release|Any CPU
		{EC39394D-3A99-4EBB-83F3-9D800A8D4BCC}.Release|x64.ActiveCfg = Release|Any CPU
		{EC39394D-3A99-4EBB-83F3-9D800A8D4BCC}.Release|x64.Build.0 = Release|Any CPU
		{EC39394D-3A99-4EBB-83F3-9D800A8D4BCC}.Release|x86.ActiveCfg = Release|Any CPU
		{EC39394D-3A99-4EBB-83F3-9D800A8D4BCC}.Release|x86.Build.0 = Release|Any CPU
		{D5D100EF-CB4E-4DE2-B20F-D5D85091DD52}.Debug|Any CPU.ActiveCfg = Debug|Any CPU
		{D5D100EF-CB4E-4DE2-B20F-D5D85091DD52}.Debug|Any CPU.Build.0 = Debug|Any CPU
		{D5D100EF-CB4E-4DE2-B20F-D5D85091DD52}.Debug|ARM.ActiveCfg = Debug|Any CPU
		{D5D100EF-CB4E-4DE2-B20F-D5D85091DD52}.Debug|ARM.Build.0 = Debug|Any CPU
		{D5D100EF-CB4E-4DE2-B20F-D5D85091DD52}.Debug|x64.ActiveCfg = Debug|Any CPU
		{D5D100EF-CB4E-4DE2-B20F-D5D85091DD52}.Debug|x64.Build.0 = Debug|Any CPU
		{D5D100EF-CB4E-4DE2-B20F-D5D85091DD52}.Debug|x86.ActiveCfg = Debug|Any CPU
		{D5D100EF-CB4E-4DE2-B20F-D5D85091DD52}.Debug|x86.Build.0 = Debug|Any CPU
		{D5D100EF-CB4E-4DE2-B20F-D5D85091DD52}.Release|Any CPU.ActiveCfg = Release|Any CPU
		{D5D100EF-CB4E-4DE2-B20F-D5D85091DD52}.Release|Any CPU.Build.0 = Release|Any CPU
		{D5D100EF-CB4E-4DE2-B20F-D5D85091DD52}.Release|ARM.ActiveCfg = Release|Any CPU
		{D5D100EF-CB4E-4DE2-B20F-D5D85091DD52}.Release|ARM.Build.0 = Release|Any CPU
		{D5D100EF-CB4E-4DE2-B20F-D5D85091DD52}.Release|x64.ActiveCfg = Release|Any CPU
		{D5D100EF-CB4E-4DE2-B20F-D5D85091DD52}.Release|x64.Build.0 = Release|Any CPU
		{D5D100EF-CB4E-4DE2-B20F-D5D85091DD52}.Release|x86.ActiveCfg = Release|Any CPU
		{D5D100EF-CB4E-4DE2-B20F-D5D85091DD52}.Release|x86.Build.0 = Release|Any CPU
		{6E5187F9-61C7-4CDC-BCA2-4379A20B0E6C}.Debug|Any CPU.ActiveCfg = Debug|Any CPU
		{6E5187F9-61C7-4CDC-BCA2-4379A20B0E6C}.Debug|Any CPU.Build.0 = Debug|Any CPU
		{6E5187F9-61C7-4CDC-BCA2-4379A20B0E6C}.Debug|ARM.ActiveCfg = Debug|Any CPU
		{6E5187F9-61C7-4CDC-BCA2-4379A20B0E6C}.Debug|ARM.Build.0 = Debug|Any CPU
		{6E5187F9-61C7-4CDC-BCA2-4379A20B0E6C}.Debug|x64.ActiveCfg = Debug|Any CPU
		{6E5187F9-61C7-4CDC-BCA2-4379A20B0E6C}.Debug|x64.Build.0 = Debug|Any CPU
		{6E5187F9-61C7-4CDC-BCA2-4379A20B0E6C}.Debug|x86.ActiveCfg = Debug|Any CPU
		{6E5187F9-61C7-4CDC-BCA2-4379A20B0E6C}.Debug|x86.Build.0 = Debug|Any CPU
		{6E5187F9-61C7-4CDC-BCA2-4379A20B0E6C}.Release|Any CPU.ActiveCfg = Release|Any CPU
		{6E5187F9-61C7-4CDC-BCA2-4379A20B0E6C}.Release|Any CPU.Build.0 = Release|Any CPU
		{6E5187F9-61C7-4CDC-BCA2-4379A20B0E6C}.Release|ARM.ActiveCfg = Release|Any CPU
		{6E5187F9-61C7-4CDC-BCA2-4379A20B0E6C}.Release|ARM.Build.0 = Release|Any CPU
		{6E5187F9-61C7-4CDC-BCA2-4379A20B0E6C}.Release|x64.ActiveCfg = Release|Any CPU
		{6E5187F9-61C7-4CDC-BCA2-4379A20B0E6C}.Release|x64.Build.0 = Release|Any CPU
		{6E5187F9-61C7-4CDC-BCA2-4379A20B0E6C}.Release|x86.ActiveCfg = Release|Any CPU
		{6E5187F9-61C7-4CDC-BCA2-4379A20B0E6C}.Release|x86.Build.0 = Release|Any CPU
		{9EED6466-9179-42AA-A230-ACD09A5D341C}.Debug|Any CPU.ActiveCfg = Debug|Any CPU
		{9EED6466-9179-42AA-A230-ACD09A5D341C}.Debug|Any CPU.Build.0 = Debug|Any CPU
		{9EED6466-9179-42AA-A230-ACD09A5D341C}.Debug|ARM.ActiveCfg = Debug|Any CPU
		{9EED6466-9179-42AA-A230-ACD09A5D341C}.Debug|ARM.Build.0 = Debug|Any CPU
		{9EED6466-9179-42AA-A230-ACD09A5D341C}.Debug|x64.ActiveCfg = Debug|Any CPU
		{9EED6466-9179-42AA-A230-ACD09A5D341C}.Debug|x64.Build.0 = Debug|Any CPU
		{9EED6466-9179-42AA-A230-ACD09A5D341C}.Debug|x86.ActiveCfg = Debug|Any CPU
		{9EED6466-9179-42AA-A230-ACD09A5D341C}.Debug|x86.Build.0 = Debug|Any CPU
		{9EED6466-9179-42AA-A230-ACD09A5D341C}.Release|Any CPU.ActiveCfg = Release|Any CPU
		{9EED6466-9179-42AA-A230-ACD09A5D341C}.Release|Any CPU.Build.0 = Release|Any CPU
		{9EED6466-9179-42AA-A230-ACD09A5D341C}.Release|ARM.ActiveCfg = Release|Any CPU
		{9EED6466-9179-42AA-A230-ACD09A5D341C}.Release|ARM.Build.0 = Release|Any CPU
		{9EED6466-9179-42AA-A230-ACD09A5D341C}.Release|x64.ActiveCfg = Release|Any CPU
		{9EED6466-9179-42AA-A230-ACD09A5D341C}.Release|x64.Build.0 = Release|Any CPU
		{9EED6466-9179-42AA-A230-ACD09A5D341C}.Release|x86.ActiveCfg = Release|Any CPU
		{9EED6466-9179-42AA-A230-ACD09A5D341C}.Release|x86.Build.0 = Release|Any CPU
		{6B130BE7-4275-40F4-AC95-D065A3F78F27}.Debug|Any CPU.ActiveCfg = Debug|Any CPU
		{6B130BE7-4275-40F4-AC95-D065A3F78F27}.Debug|Any CPU.Build.0 = Debug|Any CPU
		{6B130BE7-4275-40F4-AC95-D065A3F78F27}.Debug|ARM.ActiveCfg = Debug|Any CPU
		{6B130BE7-4275-40F4-AC95-D065A3F78F27}.Debug|ARM.Build.0 = Debug|Any CPU
		{6B130BE7-4275-40F4-AC95-D065A3F78F27}.Debug|x64.ActiveCfg = Debug|Any CPU
		{6B130BE7-4275-40F4-AC95-D065A3F78F27}.Debug|x64.Build.0 = Debug|Any CPU
		{6B130BE7-4275-40F4-AC95-D065A3F78F27}.Debug|x86.ActiveCfg = Debug|Any CPU
		{6B130BE7-4275-40F4-AC95-D065A3F78F27}.Debug|x86.Build.0 = Debug|Any CPU
		{6B130BE7-4275-40F4-AC95-D065A3F78F27}.Release|Any CPU.ActiveCfg = Release|Any CPU
		{6B130BE7-4275-40F4-AC95-D065A3F78F27}.Release|Any CPU.Build.0 = Release|Any CPU
		{6B130BE7-4275-40F4-AC95-D065A3F78F27}.Release|ARM.ActiveCfg = Release|Any CPU
		{6B130BE7-4275-40F4-AC95-D065A3F78F27}.Release|ARM.Build.0 = Release|Any CPU
		{6B130BE7-4275-40F4-AC95-D065A3F78F27}.Release|x64.ActiveCfg = Release|Any CPU
		{6B130BE7-4275-40F4-AC95-D065A3F78F27}.Release|x64.Build.0 = Release|Any CPU
		{6B130BE7-4275-40F4-AC95-D065A3F78F27}.Release|x86.ActiveCfg = Release|Any CPU
		{6B130BE7-4275-40F4-AC95-D065A3F78F27}.Release|x86.Build.0 = Release|Any CPU
	EndGlobalSection
	GlobalSection(SolutionProperties) = preSolution
		HideSolutionNode = FALSE
	EndGlobalSection
	GlobalSection(NestedProjects) = preSolution
		{6B130BE7-4275-40F4-AC95-D065A3F78F27} = {4918A699-E244-41C4-9EA7-3CFD86856588}
	EndGlobalSection
	GlobalSection(ExtensibilityGlobals) = postSolution
		SolutionGuid = {2D3D7AAF-758C-459D-889B-46BFFA173E42}
	EndGlobalSection
	GlobalSection(Performance) = preSolution
		HasPerformanceSessions = true
	EndGlobalSection
	GlobalSection(Performance) = preSolution
		HasPerformanceSessions = true
	EndGlobalSection
	GlobalSection(Performance) = preSolution
		HasPerformanceSessions = true
	EndGlobalSection
	GlobalSection(Performance) = preSolution
		HasPerformanceSessions = true
	EndGlobalSection
	GlobalSection(Performance) = preSolution
		HasPerformanceSessions = true
	EndGlobalSection
EndGlobal
